PODS:
  - Alamofire (4.7.0)
  - FunctionalSwift (1.0.5)
  - Gloss (2.0.0)
  - GMEllipticCurveCrypto (1.3)
  - SwiftLint (0.25.0)
  - YandexMoneyCoreApi (0.0.5):
    - Alamofire
    - FunctionalSwift
    - Gloss
    - GMEllipticCurveCrypto

DEPENDENCIES:
  - SwiftLint
  - YandexMoneyCoreApi (from `./`)

EXTERNAL SOURCES:
  YandexMoneyCoreApi:
    :path: ./

SPEC CHECKSUMS:
  Alamofire: 907e0a98eb68cdb7f9d1f541a563d6ac5dc77b25
  FunctionalSwift: 89cef31016cbc9fcdd49ec04e5831ed5f51244bb
  Gloss: b67617f327406adfd47adf20172d00680a3a31bd
  GMEllipticCurveCrypto: dff32bc22d2bfd73d6cbac841faeb40f8d79ce7f
  SwiftLint: e14651157288e9e01d6e1a71db7014fb5744a8ea
  YandexMoneyCoreApi: 65f39ecae1004875c258555a00bdc504f831b78b

PODFILE CHECKSUM: 420f950eeed6dbfa2c8dde03cba88844a6893e97

COCOAPODS: 1.4.0
