// !$*UTF8*$!
{
	archiveVersion = 1;
	classes = {
	};
	objectVersion = 52;
	objects = {

/* Begin PBXBuildFile section */
		244F723074A13EB99F59AFC2 /* ConsoleLogger.swift in Sources */ = {isa = PBXBuildFile; fileRef = 244F70685350C8AA16323B9C /* ConsoleLogger.swift */; };
		244F75CC6FBE7B028BA58C5D /* Logger.swift in Sources */ = {isa = PBXBuildFile; fileRef = 244F7CEE66DAEC7D4E29F917 /* Logger.swift */; };
		3001001E1FE2AA1800BB5966 /* AppDelegate.swift in Sources */ = {isa = PBXBuildFile; fileRef = 3001001D1FE2AA1800BB5966 /* AppDelegate.swift */; };
		300100201FE2AA1800BB5966 /* ViewController.swift in Sources */ = {isa = PBXBuildFile; fileRef = 3001001F1FE2AA1800BB5966 /* ViewController.swift */; };
		300100231FE2AA1800BB5966 /* Main.storyboard in Resources */ = {isa = PBXBuildFile; fileRef = 300100211FE2AA1800BB5966 /* Main.storyboard */; };
		300100251FE2AA1800BB5966 /* Assets.xcassets in Resources */ = {isa = PBXBuildFile; fileRef = 300100241FE2AA1800BB5966 /* Assets.xcassets */; };
		300100281FE2AA1800BB5966 /* LaunchScreen.storyboard in Resources */ = {isa = PBXBuildFile; fileRef = 300100261FE2AA1800BB5966 /* LaunchScreen.storyboard */; };
		3072C4AD1FE317330019D598 /* ApiSessionRequestUrlTests.swift in Sources */ = {isa = PBXBuildFile; fileRef = DD9234DB1F696D6D00AFD229 /* ApiSessionRequestUrlTests.swift */; };
		3072C4B01FE317330019D598 /* XCTTools.swift in Sources */ = {isa = PBXBuildFile; fileRef = DD9234E31F696E4D00AFD229 /* XCTTools.swift */; };
		3072C4B11FE317330019D598 /* String+Tools.swift in Sources */ = {isa = PBXBuildFile; fileRef = DD9234DF1F696D6D00AFD229 /* String+Tools.swift */; };
		30CE25F82625A9E800FFEB36 /* FunctionalSwift.xcframework in Frameworks */ = {isa = PBXBuildFile; fileRef = 39300ECA25EE728B007CAB02 /* FunctionalSwift.xcframework */; };
		30CE26022625A9F100FFEB36 /* FunctionalSwift.xcframework in Frameworks */ = {isa = PBXBuildFile; fileRef = 39300ECA25EE728B007CAB02 /* FunctionalSwift.xcframework */; };
		30CE261A2625AF2800FFEB36 /* FunctionalSwift.xcframework in Frameworks */ = {isa = PBXBuildFile; fileRef = 39300ECA25EE728B007CAB02 /* FunctionalSwift.xcframework */; };
		30CE261B2625AF2800FFEB36 /* FunctionalSwift.xcframework in Embed Frameworks */ = {isa = PBXBuildFile; fileRef = 39300ECA25EE728B007CAB02 /* FunctionalSwift.xcframework */; settings = {ATTRIBUTES = (CodeSignOnCopy, RemoveHeadersOnCopy, ); }; };
		30CE262C2625AFAA00FFEB36 /* FunctionalSwift.xcframework in Frameworks */ = {isa = PBXBuildFile; fileRef = 39300ECA25EE728B007CAB02 /* FunctionalSwift.xcframework */; };
		343BF28C2343ACE300C54D15 /* AnyDecoding.swift in Sources */ = {isa = PBXBuildFile; fileRef = 343BF28B2343ACE300C54D15 /* AnyDecoding.swift */; };
		3470AE742344CA5F00ED48CB /* AnyDecodingTests.swift in Sources */ = {isa = PBXBuildFile; fileRef = 3470AE732344CA5F00ED48CB /* AnyDecodingTests.swift */; };
		392DFB9221FB06CB005F87BA /* DataApiResponse.swift in Sources */ = {isa = PBXBuildFile; fileRef = 392DFB9121FB06CB005F87BA /* DataApiResponse.swift */; };
		39727EA9224BBB3F00C9F23C /* LossyArray.swift in Sources */ = {isa = PBXBuildFile; fileRef = 39727EA8224BBB3F00C9F23C /* LossyArray.swift */; };
		3A760E83268DCB0B00FEE715 /* YooMoneyCoreApi.xcframework in Frameworks */ = {isa = PBXBuildFile; fileRef = 30CE26252625AF2800FFEB36 /* YooMoneyCoreApi.xcframework */; };
		3A760E87268DCB5600FEE715 /* YooMoneyCoreApi.xcframework in Embed Frameworks */ = {isa = PBXBuildFile; fileRef = 30CE26252625AF2800FFEB36 /* YooMoneyCoreApi.xcframework */; settings = {ATTRIBUTES = (CodeSignOnCopy, RemoveHeadersOnCopy, ); }; };
		402EB0177F250339F6962DE9 /* TextApiResponse.swift in Sources */ = {isa = PBXBuildFile; fileRef = 402EBA32ADC38766078E97EB /* TextApiResponse.swift */; };
		402EB09FB8595386589612DA /* JsonApiResponse.swift in Sources */ = {isa = PBXBuildFile; fileRef = 402EB526B5C3A213E0636212 /* JsonApiResponse.swift */; };
		402EB1CB5B7DA6E266AC24D9 /* RequestData.swift in Sources */ = {isa = PBXBuildFile; fileRef = 402EB9D63DAA17383629CF5E /* RequestData.swift */; };
		402EB39C0C0F49E44AD89602 /* StringEncoder.swift in Sources */ = {isa = PBXBuildFile; fileRef = 402EB3EC6F2B91E6CC8BE674 /* StringEncoder.swift */; };
		402EB47C58F5A0EAB9C39055 /* HeadersFactory.swift in Sources */ = {isa = PBXBuildFile; fileRef = 402EBCC5B2BD66D050094332 /* HeadersFactory.swift */; };
		402EB5A4E7693257A9A07305 /* JsonParametersEncoder.swift in Sources */ = {isa = PBXBuildFile; fileRef = 402EB01BEEBD13A7F055A764 /* JsonParametersEncoder.swift */; };
		402EB81F31CFE9A1DCFE48CD /* ErrorApiResponse.swift in Sources */ = {isa = PBXBuildFile; fileRef = 402EBF6B0728031A9497F5D4 /* ErrorApiResponse.swift */; };
		402EB956680DF685D70ACAA4 /* Headers.swift in Sources */ = {isa = PBXBuildFile; fileRef = 402EBA0D3103F89E14FA67D8 /* Headers.swift */; };
		402EBB5956ED210773E12049 /* ApiSessionDelegate.swift in Sources */ = {isa = PBXBuildFile; fileRef = 402EB7B93B402C3AC9E2B934 /* ApiSessionDelegate.swift */; };
		402EBCB4DCC7673685E6608D /* ApiResponse.swift in Sources */ = {isa = PBXBuildFile; fileRef = 402EB01E8DA1DCA8C2490E6A /* ApiResponse.swift */; };
		402EBE8ED0D7F10A5F9AAAC8 /* CoreApiError.swift in Sources */ = {isa = PBXBuildFile; fileRef = 402EB60E33A90E36568CA799 /* CoreApiError.swift */; };
		402EBF67EB41289A029174FF /* URLRequest+Init.swift in Sources */ = {isa = PBXBuildFile; fileRef = 402EBD9241FB9D7F7ECD44B1 /* URLRequest+Init.swift */; };
		402EBF8BC4715593641E6EEF /* DefaultHeadersFactory.swift in Sources */ = {isa = PBXBuildFile; fileRef = 402EB49AB0B6F269E2781D80 /* DefaultHeadersFactory.swift */; };
		DD7681141F6817EA001C18CE /* YooMoneyCoreApi.h in Headers */ = {isa = PBXBuildFile; fileRef = DD7681061F6817EA001C18CE /* YooMoneyCoreApi.h */; settings = {ATTRIBUTES = (Public, ); }; };
		DD9234D41F6968DC00AFD229 /* ApiMethod.swift in Sources */ = {isa = PBXBuildFile; fileRef = DD9234D31F6968DC00AFD229 /* ApiMethod.swift */; };
		DDB207FA1F695320007163CE /* ApiSession.swift in Sources */ = {isa = PBXBuildFile; fileRef = DDB207901F695320007163CE /* ApiSession.swift */; };
		DDB207FC1F695320007163CE /* HostProvider.swift in Sources */ = {isa = PBXBuildFile; fileRef = DDB207921F695320007163CE /* HostProvider.swift */; };
		DDB207FD1F695320007163CE /* OAuthTokenProvider.swift in Sources */ = {isa = PBXBuildFile; fileRef = DDB207931F695320007163CE /* OAuthTokenProvider.swift */; };
		DDB208001F695320007163CE /* Task.swift in Sources */ = {isa = PBXBuildFile; fileRef = DDB207961F695320007163CE /* Task.swift */; };
		DDB208021F695320007163CE /* QueryParametersEncoder.swift in Sources */ = {isa = PBXBuildFile; fileRef = DDB207991F695320007163CE /* QueryParametersEncoder.swift */; };
		DDB208251F695320007163CE /* TaskLogger.swift in Sources */ = {isa = PBXBuildFile; fileRef = DDB207C31F695320007163CE /* TaskLogger.swift */; };
		E0E34AD524D8414B00FD0E85 /* YooMoneyCoreApi.h in Headers */ = {isa = PBXBuildFile; fileRef = E0E34AD324D8414B00FD0E85 /* YooMoneyCoreApi.h */; settings = {ATTRIBUTES = (Public, ); }; };
		E0E34ADA24D8416800FD0E85 /* ApiSession.swift in Sources */ = {isa = PBXBuildFile; fileRef = DDB207901F695320007163CE /* ApiSession.swift */; };
		E0E34ADB24D8416800FD0E85 /* ApiMethod.swift in Sources */ = {isa = PBXBuildFile; fileRef = DD9234D31F6968DC00AFD229 /* ApiMethod.swift */; };
		E0E34ADC24D8416800FD0E85 /* HostProvider.swift in Sources */ = {isa = PBXBuildFile; fileRef = DDB207921F695320007163CE /* HostProvider.swift */; };
		E0E34ADD24D8416800FD0E85 /* OAuthTokenProvider.swift in Sources */ = {isa = PBXBuildFile; fileRef = DDB207931F695320007163CE /* OAuthTokenProvider.swift */; };
		E0E34ADE24D8416800FD0E85 /* Task.swift in Sources */ = {isa = PBXBuildFile; fileRef = DDB207961F695320007163CE /* Task.swift */; };
		E0E34ADF24D8416C00FD0E85 /* Headers.swift in Sources */ = {isa = PBXBuildFile; fileRef = 402EBA0D3103F89E14FA67D8 /* Headers.swift */; };
		E0E34AE024D8416C00FD0E85 /* HeadersFactory.swift in Sources */ = {isa = PBXBuildFile; fileRef = 402EBCC5B2BD66D050094332 /* HeadersFactory.swift */; };
		E0E34AE124D8416C00FD0E85 /* DefaultHeadersFactory.swift in Sources */ = {isa = PBXBuildFile; fileRef = 402EB49AB0B6F269E2781D80 /* DefaultHeadersFactory.swift */; };
		E0E34AE224D8416F00FD0E85 /* ApiResponse.swift in Sources */ = {isa = PBXBuildFile; fileRef = 402EB01E8DA1DCA8C2490E6A /* ApiResponse.swift */; };
		E0E34AE324D8416F00FD0E85 /* JsonApiResponse.swift in Sources */ = {isa = PBXBuildFile; fileRef = 402EB526B5C3A213E0636212 /* JsonApiResponse.swift */; };
		E0E34AE424D8416F00FD0E85 /* TextApiResponse.swift in Sources */ = {isa = PBXBuildFile; fileRef = 402EBA32ADC38766078E97EB /* TextApiResponse.swift */; };
		E0E34AE524D8416F00FD0E85 /* DataApiResponse.swift in Sources */ = {isa = PBXBuildFile; fileRef = 392DFB9121FB06CB005F87BA /* DataApiResponse.swift */; };
		E0E34AE624D8417000FD0E85 /* ApiSessionDelegate.swift in Sources */ = {isa = PBXBuildFile; fileRef = 402EB7B93B402C3AC9E2B934 /* ApiSessionDelegate.swift */; };
		E0E34AE724D8417400FD0E85 /* URLRequest+Init.swift in Sources */ = {isa = PBXBuildFile; fileRef = 402EBD9241FB9D7F7ECD44B1 /* URLRequest+Init.swift */; };
		E0E34AE824D8417400FD0E85 /* AnyDecoding.swift in Sources */ = {isa = PBXBuildFile; fileRef = 343BF28B2343ACE300C54D15 /* AnyDecoding.swift */; };
		E0E34AE924D8417400FD0E85 /* RequestData.swift in Sources */ = {isa = PBXBuildFile; fileRef = 402EB9D63DAA17383629CF5E /* RequestData.swift */; };
		E0E34AEA24D8417400FD0E85 /* Logger.swift in Sources */ = {isa = PBXBuildFile; fileRef = 244F7CEE66DAEC7D4E29F917 /* Logger.swift */; };
		E0E34AEB24D8417400FD0E85 /* ConsoleLogger.swift in Sources */ = {isa = PBXBuildFile; fileRef = 244F70685350C8AA16323B9C /* ConsoleLogger.swift */; };
		E0E34AEC24D8417900FD0E85 /* QueryParametersEncoder.swift in Sources */ = {isa = PBXBuildFile; fileRef = DDB207991F695320007163CE /* QueryParametersEncoder.swift */; };
		E0E34AED24D8417900FD0E85 /* JsonParametersEncoder.swift in Sources */ = {isa = PBXBuildFile; fileRef = 402EB01BEEBD13A7F055A764 /* JsonParametersEncoder.swift */; };
		E0E34AEE24D8417900FD0E85 /* LossyArray.swift in Sources */ = {isa = PBXBuildFile; fileRef = 39727EA8224BBB3F00C9F23C /* LossyArray.swift */; };
		E0E34AEF24D8417900FD0E85 /* TaskLogger.swift in Sources */ = {isa = PBXBuildFile; fileRef = DDB207C31F695320007163CE /* TaskLogger.swift */; };
		E0E34AF024D8417900FD0E85 /* StringEncoder.swift in Sources */ = {isa = PBXBuildFile; fileRef = 402EB3EC6F2B91E6CC8BE674 /* StringEncoder.swift */; };
		E0E34AF124D8417D00FD0E85 /* ErrorApiResponse.swift in Sources */ = {isa = PBXBuildFile; fileRef = 402EBF6B0728031A9497F5D4 /* ErrorApiResponse.swift */; };
		E0E34AF224D8417D00FD0E85 /* CoreApiError.swift in Sources */ = {isa = PBXBuildFile; fileRef = 402EB60E33A90E36568CA799 /* CoreApiError.swift */; };
/* End PBXBuildFile section */

/* Begin PBXContainerItemProxy section */
		3072C4A71FE316130019D598 /* PBXContainerItemProxy */ = {
			isa = PBXContainerItemProxy;
			containerPortal = DD7680FA1F6817EA001C18CE /* Project object */;
			proxyType = 1;
			remoteGlobalIDString = DD7681021F6817EA001C18CE;
			remoteInfo = YooMoneyCoreApi;
		};
/* End PBXContainerItemProxy section */

/* Begin PBXCopyFilesBuildPhase section */
		30CE261C2625AF2800FFEB36 /* Embed Frameworks */ = {
			isa = PBXCopyFilesBuildPhase;
			buildActionMask = 2147483647;
			dstPath = "";
			dstSubfolderSpec = 10;
			files = (
				3A760E87268DCB5600FEE715 /* YooMoneyCoreApi.xcframework in Embed Frameworks */,
				30CE261B2625AF2800FFEB36 /* FunctionalSwift.xcframework in Embed Frameworks */,
			);
			name = "Embed Frameworks";
			runOnlyForDeploymentPostprocessing = 0;
		};
/* End PBXCopyFilesBuildPhase section */

/* Begin PBXFileReference section */
		244F70685350C8AA16323B9C /* ConsoleLogger.swift */ = {isa = PBXFileReference; fileEncoding = 4; lastKnownFileType = sourcecode.swift; path = ConsoleLogger.swift; sourceTree = "<group>"; };
		244F7CEE66DAEC7D4E29F917 /* Logger.swift */ = {isa = PBXFileReference; fileEncoding = 4; lastKnownFileType = sourcecode.swift; path = Logger.swift; sourceTree = "<group>"; };
		3001001B1FE2AA1800BB5966 /* YooMoneyCoreApiExample.app */ = {isa = PBXFileReference; explicitFileType = wrapper.application; includeInIndex = 0; path = YooMoneyCoreApiExample.app; sourceTree = BUILT_PRODUCTS_DIR; };
		3001001D1FE2AA1800BB5966 /* AppDelegate.swift */ = {isa = PBXFileReference; lastKnownFileType = sourcecode.swift; path = AppDelegate.swift; sourceTree = "<group>"; };
		3001001F1FE2AA1800BB5966 /* ViewController.swift */ = {isa = PBXFileReference; lastKnownFileType = sourcecode.swift; path = ViewController.swift; sourceTree = "<group>"; };
		300100221FE2AA1800BB5966 /* Base */ = {isa = PBXFileReference; lastKnownFileType = file.storyboard; name = Base; path = Base.lproj/Main.storyboard; sourceTree = "<group>"; };
		300100241FE2AA1800BB5966 /* Assets.xcassets */ = {isa = PBXFileReference; lastKnownFileType = folder.assetcatalog; path = Assets.xcassets; sourceTree = "<group>"; };
		300100271FE2AA1800BB5966 /* Base */ = {isa = PBXFileReference; lastKnownFileType = file.storyboard; name = Base; path = Base.lproj/LaunchScreen.storyboard; sourceTree = "<group>"; };
		300100291FE2AA1800BB5966 /* Info.plist */ = {isa = PBXFileReference; lastKnownFileType = text.plist.xml; path = Info.plist; sourceTree = "<group>"; };
		3001003C1FE2AA2900BB5966 /* PodsInfo.plist */ = {isa = PBXFileReference; lastKnownFileType = text.plist.xml; name = PodsInfo.plist; path = "/Users/tverdokhleb/Documents/dev-ios-yamoney/mobile-money-api-core-swift-2/YooMoneyCoreApiExample/PodsInfo.plist"; sourceTree = "<absolute>"; };
		3072C4A11FE316130019D598 /* YooMoneyCoreApiTests.xctest */ = {isa = PBXFileReference; explicitFileType = wrapper.cfbundle; includeInIndex = 0; path = YooMoneyCoreApiTests.xctest; sourceTree = BUILT_PRODUCTS_DIR; };
		3072C4A51FE316130019D598 /* Info.plist */ = {isa = PBXFileReference; lastKnownFileType = text.plist.xml; path = Info.plist; sourceTree = "<group>"; };
		30CE26252625AF2800FFEB36 /* YooMoneyCoreApi.xcframework */ = {isa = PBXFileReference; lastKnownFileType = wrapper.xcframework; name = YooMoneyCoreApi.xcframework; path = Carthage/Build/YooMoneyCoreApi.xcframework; sourceTree = "<group>"; };
		343BF28B2343ACE300C54D15 /* AnyDecoding.swift */ = {isa = PBXFileReference; lastKnownFileType = sourcecode.swift; path = AnyDecoding.swift; sourceTree = "<group>"; };
		3470AE732344CA5F00ED48CB /* AnyDecodingTests.swift */ = {isa = PBXFileReference; lastKnownFileType = sourcecode.swift; path = AnyDecodingTests.swift; sourceTree = "<group>"; };
		392DFB9121FB06CB005F87BA /* DataApiResponse.swift */ = {isa = PBXFileReference; lastKnownFileType = sourcecode.swift; path = DataApiResponse.swift; sourceTree = "<group>"; };
		39300ECA25EE728B007CAB02 /* FunctionalSwift.xcframework */ = {isa = PBXFileReference; lastKnownFileType = wrapper.xcframework; name = FunctionalSwift.xcframework; path = Carthage/Build/FunctionalSwift.xcframework; sourceTree = "<group>"; };
		39727EA8224BBB3F00C9F23C /* LossyArray.swift */ = {isa = PBXFileReference; lastKnownFileType = sourcecode.swift; path = LossyArray.swift; sourceTree = "<group>"; };
		402EB01BEEBD13A7F055A764 /* JsonParametersEncoder.swift */ = {isa = PBXFileReference; fileEncoding = 4; lastKnownFileType = sourcecode.swift; path = JsonParametersEncoder.swift; sourceTree = "<group>"; };
		402EB01E8DA1DCA8C2490E6A /* ApiResponse.swift */ = {isa = PBXFileReference; fileEncoding = 4; lastKnownFileType = sourcecode.swift; path = ApiResponse.swift; sourceTree = "<group>"; };
		402EB3EC6F2B91E6CC8BE674 /* StringEncoder.swift */ = {isa = PBXFileReference; fileEncoding = 4; lastKnownFileType = sourcecode.swift; path = StringEncoder.swift; sourceTree = "<group>"; };
		402EB49AB0B6F269E2781D80 /* DefaultHeadersFactory.swift */ = {isa = PBXFileReference; fileEncoding = 4; lastKnownFileType = sourcecode.swift; path = DefaultHeadersFactory.swift; sourceTree = "<group>"; };
		402EB526B5C3A213E0636212 /* JsonApiResponse.swift */ = {isa = PBXFileReference; fileEncoding = 4; lastKnownFileType = sourcecode.swift; path = JsonApiResponse.swift; sourceTree = "<group>"; };
		402EB60E33A90E36568CA799 /* CoreApiError.swift */ = {isa = PBXFileReference; fileEncoding = 4; lastKnownFileType = sourcecode.swift; path = CoreApiError.swift; sourceTree = "<group>"; };
		402EB7B93B402C3AC9E2B934 /* ApiSessionDelegate.swift */ = {isa = PBXFileReference; fileEncoding = 4; lastKnownFileType = sourcecode.swift; path = ApiSessionDelegate.swift; sourceTree = "<group>"; };
		402EB9D63DAA17383629CF5E /* RequestData.swift */ = {isa = PBXFileReference; fileEncoding = 4; lastKnownFileType = sourcecode.swift; path = RequestData.swift; sourceTree = "<group>"; };
		402EBA0D3103F89E14FA67D8 /* Headers.swift */ = {isa = PBXFileReference; fileEncoding = 4; lastKnownFileType = sourcecode.swift; path = Headers.swift; sourceTree = "<group>"; };
		402EBA32ADC38766078E97EB /* TextApiResponse.swift */ = {isa = PBXFileReference; fileEncoding = 4; lastKnownFileType = sourcecode.swift; path = TextApiResponse.swift; sourceTree = "<group>"; };
		402EBCC5B2BD66D050094332 /* HeadersFactory.swift */ = {isa = PBXFileReference; fileEncoding = 4; lastKnownFileType = sourcecode.swift; path = HeadersFactory.swift; sourceTree = "<group>"; };
		402EBD9241FB9D7F7ECD44B1 /* URLRequest+Init.swift */ = {isa = PBXFileReference; fileEncoding = 4; lastKnownFileType = sourcecode.swift; path = "URLRequest+Init.swift"; sourceTree = "<group>"; };
		402EBF6B0728031A9497F5D4 /* ErrorApiResponse.swift */ = {isa = PBXFileReference; fileEncoding = 4; lastKnownFileType = sourcecode.swift; path = ErrorApiResponse.swift; sourceTree = "<group>"; };
		DD7681031F6817EA001C18CE /* YooMoneyCoreApi.framework */ = {isa = PBXFileReference; explicitFileType = wrapper.framework; includeInIndex = 0; path = YooMoneyCoreApi.framework; sourceTree = BUILT_PRODUCTS_DIR; };
		DD7681061F6817EA001C18CE /* YooMoneyCoreApi.h */ = {isa = PBXFileReference; lastKnownFileType = sourcecode.c.h; path = YooMoneyCoreApi.h; sourceTree = "<group>"; };
		DD7681071F6817EA001C18CE /* Info.plist */ = {isa = PBXFileReference; lastKnownFileType = text.plist.xml; path = Info.plist; sourceTree = "<group>"; };
		DD9234D31F6968DC00AFD229 /* ApiMethod.swift */ = {isa = PBXFileReference; fileEncoding = 4; lastKnownFileType = sourcecode.swift; path = ApiMethod.swift; sourceTree = "<group>"; };
		DD9234DB1F696D6D00AFD229 /* ApiSessionRequestUrlTests.swift */ = {isa = PBXFileReference; fileEncoding = 4; lastKnownFileType = sourcecode.swift; path = ApiSessionRequestUrlTests.swift; sourceTree = "<group>"; };
		DD9234DF1F696D6D00AFD229 /* String+Tools.swift */ = {isa = PBXFileReference; fileEncoding = 4; lastKnownFileType = sourcecode.swift; path = "String+Tools.swift"; sourceTree = "<group>"; };
		DD9234E31F696E4D00AFD229 /* XCTTools.swift */ = {isa = PBXFileReference; fileEncoding = 4; lastKnownFileType = sourcecode.swift; path = XCTTools.swift; sourceTree = "<group>"; };
		DDB207901F695320007163CE /* ApiSession.swift */ = {isa = PBXFileReference; fileEncoding = 4; lastKnownFileType = sourcecode.swift; path = ApiSession.swift; sourceTree = "<group>"; };
		DDB207921F695320007163CE /* HostProvider.swift */ = {isa = PBXFileReference; fileEncoding = 4; lastKnownFileType = sourcecode.swift; path = HostProvider.swift; sourceTree = "<group>"; };
		DDB207931F695320007163CE /* OAuthTokenProvider.swift */ = {isa = PBXFileReference; fileEncoding = 4; lastKnownFileType = sourcecode.swift; path = OAuthTokenProvider.swift; sourceTree = "<group>"; };
		DDB207961F695320007163CE /* Task.swift */ = {isa = PBXFileReference; fileEncoding = 4; lastKnownFileType = sourcecode.swift; path = Task.swift; sourceTree = "<group>"; };
		DDB207991F695320007163CE /* QueryParametersEncoder.swift */ = {isa = PBXFileReference; fileEncoding = 4; lastKnownFileType = sourcecode.swift; path = QueryParametersEncoder.swift; sourceTree = "<group>"; };
		DDB207C31F695320007163CE /* TaskLogger.swift */ = {isa = PBXFileReference; fileEncoding = 4; lastKnownFileType = sourcecode.swift; path = TaskLogger.swift; sourceTree = "<group>"; };
		E0E34AD124D8414B00FD0E85 /* YooMoneyCoreApi.framework */ = {isa = PBXFileReference; explicitFileType = wrapper.framework; includeInIndex = 0; path = YooMoneyCoreApi.framework; sourceTree = BUILT_PRODUCTS_DIR; };
		E0E34AD324D8414B00FD0E85 /* YooMoneyCoreApi.h */ = {isa = PBXFileReference; lastKnownFileType = sourcecode.c.h; path = YooMoneyCoreApi.h; sourceTree = "<group>"; };
		E0E34AD424D8414B00FD0E85 /* Info.plist */ = {isa = PBXFileReference; lastKnownFileType = text.plist.xml; path = Info.plist; sourceTree = "<group>"; };
/* End PBXFileReference section */

/* Begin PBXFrameworksBuildPhase section */
		300100181FE2AA1800BB5966 /* Frameworks */ = {
			isa = PBXFrameworksBuildPhase;
			buildActionMask = 2147483647;
			files = (
				3A760E83268DCB0B00FEE715 /* YooMoneyCoreApi.xcframework in Frameworks */,
				30CE261A2625AF2800FFEB36 /* FunctionalSwift.xcframework in Frameworks */,
			);
			runOnlyForDeploymentPostprocessing = 0;
		};
		3072C49E1FE316130019D598 /* Frameworks */ = {
			isa = PBXFrameworksBuildPhase;
			buildActionMask = 2147483647;
			files = (
				30CE262C2625AFAA00FFEB36 /* FunctionalSwift.xcframework in Frameworks */,
			);
			runOnlyForDeploymentPostprocessing = 0;
		};
		DD7680FF1F6817EA001C18CE /* Frameworks */ = {
			isa = PBXFrameworksBuildPhase;
			buildActionMask = 2147483647;
			files = (
				30CE25F82625A9E800FFEB36 /* FunctionalSwift.xcframework in Frameworks */,
			);
			runOnlyForDeploymentPostprocessing = 0;
		};
		E0E34ACE24D8414B00FD0E85 /* Frameworks */ = {
			isa = PBXFrameworksBuildPhase;
			buildActionMask = 2147483647;
			files = (
				30CE26022625A9F100FFEB36 /* FunctionalSwift.xcframework in Frameworks */,
			);
			runOnlyForDeploymentPostprocessing = 0;
		};
/* End PBXFrameworksBuildPhase section */

/* Begin PBXGroup section */
		3001001C1FE2AA1800BB5966 /* YooMoneyCoreApiExample */ = {
			isa = PBXGroup;
			children = (
				3001001D1FE2AA1800BB5966 /* AppDelegate.swift */,
				3001001F1FE2AA1800BB5966 /* ViewController.swift */,
				300100211FE2AA1800BB5966 /* Main.storyboard */,
				300100241FE2AA1800BB5966 /* Assets.xcassets */,
				300100261FE2AA1800BB5966 /* LaunchScreen.storyboard */,
				300100291FE2AA1800BB5966 /* Info.plist */,
				3001003C1FE2AA2900BB5966 /* PodsInfo.plist */,
			);
			path = YooMoneyCoreApiExample;
			sourceTree = "<group>";
		};
		3470AE722344CA3B00ED48CB /* Decoding */ = {
			isa = PBXGroup;
			children = (
				3470AE732344CA5F00ED48CB /* AnyDecodingTests.swift */,
			);
			path = Decoding;
			sourceTree = "<group>";
		};
		402EB6C1A69A484D1997D885 /* Extensions */ = {
			isa = PBXGroup;
			children = (
				402EBD9241FB9D7F7ECD44B1 /* URLRequest+Init.swift */,
				343BF28B2343ACE300C54D15 /* AnyDecoding.swift */,
			);
			path = Extensions;
			sourceTree = "<group>";
		};
		402EBC5709640B0EC6A20AC3 /* Error */ = {
			isa = PBXGroup;
			children = (
				402EBF6B0728031A9497F5D4 /* ErrorApiResponse.swift */,
				402EB60E33A90E36568CA799 /* CoreApiError.swift */,
			);
			path = Error;
			sourceTree = "<group>";
		};
		402EBDAF84515D5DF84668E4 /* Headers */ = {
			isa = PBXGroup;
			children = (
				402EBA0D3103F89E14FA67D8 /* Headers.swift */,
				402EBCC5B2BD66D050094332 /* HeadersFactory.swift */,
				402EB49AB0B6F269E2781D80 /* DefaultHeadersFactory.swift */,
			);
			path = Headers;
			sourceTree = "<group>";
		};
		402EBEBE6BAD71AA79EF9353 /* Response */ = {
			isa = PBXGroup;
			children = (
				402EB01E8DA1DCA8C2490E6A /* ApiResponse.swift */,
				402EB526B5C3A213E0636212 /* JsonApiResponse.swift */,
				402EBA32ADC38766078E97EB /* TextApiResponse.swift */,
				392DFB9121FB06CB005F87BA /* DataApiResponse.swift */,
			);
			path = Response;
			sourceTree = "<group>";
		};
		DD7680F91F6817EA001C18CE = {
			isa = PBXGroup;
			children = (
				DD7681051F6817EA001C18CE /* YooMoneyCoreApi */,
				E0E34AD224D8414B00FD0E85 /* YooMoneyCoreApi-watchOS */,
				DD7681101F6817EA001C18CE /* YooMoneyCoreApiTests */,
				3001001C1FE2AA1800BB5966 /* YooMoneyCoreApiExample */,
				DD7681041F6817EA001C18CE /* Products */,
				DDB207411F694F1C007163CE /* Frameworks */,
			);
			sourceTree = "<group>";
		};
		DD7681041F6817EA001C18CE /* Products */ = {
			isa = PBXGroup;
			children = (
				DD7681031F6817EA001C18CE /* YooMoneyCoreApi.framework */,
				3001001B1FE2AA1800BB5966 /* YooMoneyCoreApiExample.app */,
				3072C4A11FE316130019D598 /* YooMoneyCoreApiTests.xctest */,
				E0E34AD124D8414B00FD0E85 /* YooMoneyCoreApi.framework */,
			);
			name = Products;
			sourceTree = "<group>";
		};
		DD7681051F6817EA001C18CE /* YooMoneyCoreApi */ = {
			isa = PBXGroup;
			children = (
				DDB2078C1F695320007163CE /* Core */,
				DDB207971F695320007163CE /* Encoding */,
				DDB207BF1F695320007163CE /* Utility */,
				DD7681061F6817EA001C18CE /* YooMoneyCoreApi.h */,
				DD7681071F6817EA001C18CE /* Info.plist */,
				402EBC5709640B0EC6A20AC3 /* Error */,
			);
			path = YooMoneyCoreApi;
			sourceTree = "<group>";
		};
		DD7681101F6817EA001C18CE /* YooMoneyCoreApiTests */ = {
			isa = PBXGroup;
			children = (
				DD9234D91F696D6D00AFD229 /* Tests */,
				DD9234DE1F696D6D00AFD229 /* Utility */,
				3072C4A51FE316130019D598 /* Info.plist */,
			);
			path = YooMoneyCoreApiTests;
			sourceTree = "<group>";
		};
		DD9234D91F696D6D00AFD229 /* Tests */ = {
			isa = PBXGroup;
			children = (
				3470AE722344CA3B00ED48CB /* Decoding */,
				DD9234DA1F696D6D00AFD229 /* ApiSession */,
			);
			path = Tests;
			sourceTree = "<group>";
		};
		DD9234DA1F696D6D00AFD229 /* ApiSession */ = {
			isa = PBXGroup;
			children = (
				DD9234DB1F696D6D00AFD229 /* ApiSessionRequestUrlTests.swift */,
			);
			path = ApiSession;
			sourceTree = "<group>";
		};
		DD9234DE1F696D6D00AFD229 /* Utility */ = {
			isa = PBXGroup;
			children = (
				DD9234E31F696E4D00AFD229 /* XCTTools.swift */,
				DD9234DF1F696D6D00AFD229 /* String+Tools.swift */,
			);
			path = Utility;
			sourceTree = "<group>";
		};
		DDB207411F694F1C007163CE /* Frameworks */ = {
			isa = PBXGroup;
			children = (
				30CE26252625AF2800FFEB36 /* YooMoneyCoreApi.xcframework */,
				39300ECA25EE728B007CAB02 /* FunctionalSwift.xcframework */,
			);
			name = Frameworks;
			sourceTree = "<group>";
		};
		DDB2078C1F695320007163CE /* Core */ = {
			isa = PBXGroup;
			children = (
				DDB207901F695320007163CE /* ApiSession.swift */,
				DD9234D31F6968DC00AFD229 /* ApiMethod.swift */,
				DDB207921F695320007163CE /* HostProvider.swift */,
				DDB207931F695320007163CE /* OAuthTokenProvider.swift */,
				DDB207961F695320007163CE /* Task.swift */,
				402EBDAF84515D5DF84668E4 /* Headers */,
				402EBEBE6BAD71AA79EF9353 /* Response */,
				402EB7B93B402C3AC9E2B934 /* ApiSessionDelegate.swift */,
				402EB6C1A69A484D1997D885 /* Extensions */,
				402EB9D63DAA17383629CF5E /* RequestData.swift */,
				244F7CEE66DAEC7D4E29F917 /* Logger.swift */,
				244F70685350C8AA16323B9C /* ConsoleLogger.swift */,
			);
			path = Core;
			sourceTree = "<group>";
		};
		DDB207971F695320007163CE /* Encoding */ = {
			isa = PBXGroup;
			children = (
				DDB207991F695320007163CE /* QueryParametersEncoder.swift */,
				402EB01BEEBD13A7F055A764 /* JsonParametersEncoder.swift */,
			);
			path = Encoding;
			sourceTree = "<group>";
		};
		DDB207BF1F695320007163CE /* Utility */ = {
			isa = PBXGroup;
			children = (
				39727EA8224BBB3F00C9F23C /* LossyArray.swift */,
				DDB207C31F695320007163CE /* TaskLogger.swift */,
				402EB3EC6F2B91E6CC8BE674 /* StringEncoder.swift */,
			);
			path = Utility;
			sourceTree = "<group>";
		};
		E0E34AD224D8414B00FD0E85 /* YooMoneyCoreApi-watchOS */ = {
			isa = PBXGroup;
			children = (
				E0E34AD324D8414B00FD0E85 /* YooMoneyCoreApi.h */,
				E0E34AD424D8414B00FD0E85 /* Info.plist */,
			);
			path = "YooMoneyCoreApi-watchOS";
			sourceTree = "<group>";
		};
/* End PBXGroup section */

/* Begin PBXHeadersBuildPhase section */
		DD7681001F6817EA001C18CE /* Headers */ = {
			isa = PBXHeadersBuildPhase;
			buildActionMask = 2147483647;
			files = (
				DD7681141F6817EA001C18CE /* YooMoneyCoreApi.h in Headers */,
			);
			runOnlyForDeploymentPostprocessing = 0;
		};
		E0E34ACC24D8414B00FD0E85 /* Headers */ = {
			isa = PBXHeadersBuildPhase;
			buildActionMask = 2147483647;
			files = (
				E0E34AD524D8414B00FD0E85 /* YooMoneyCoreApi.h in Headers */,
			);
			runOnlyForDeploymentPostprocessing = 0;
		};
/* End PBXHeadersBuildPhase section */

/* Begin PBXNativeTarget section */
		3001001A1FE2AA1800BB5966 /* YooMoneyCoreApiExample */ = {
			isa = PBXNativeTarget;
			buildConfigurationList = 3001002A1FE2AA1800BB5966 /* Build configuration list for PBXNativeTarget "YooMoneyCoreApiExample" */;
			buildPhases = (
				C6FDFAACE8D90740619EE40B /* Timing START */,
				300100171FE2AA1800BB5966 /* Sources */,
				300100181FE2AA1800BB5966 /* Frameworks */,
				300100191FE2AA1800BB5966 /* Resources */,
				30CE261C2625AF2800FFEB36 /* Embed Frameworks */,
				3873B880DFA1CD897039DCD5 /* Timing END */,
			);
			buildRules = (
			);
			dependencies = (
			);
			name = YooMoneyCoreApiExample;
			productName = YooMoneyCoreApiExample;
			productReference = 3001001B1FE2AA1800BB5966 /* YooMoneyCoreApiExample.app */;
			productType = "com.apple.product-type.application";
		};
		3072C4A01FE316130019D598 /* YooMoneyCoreApiTests */ = {
			isa = PBXNativeTarget;
			buildConfigurationList = 3072C4A91FE316130019D598 /* Build configuration list for PBXNativeTarget "YooMoneyCoreApiTests" */;
			buildPhases = (
				37731ECF03988B29AC461A55 /* Timing START */,
				3072C49D1FE316130019D598 /* Sources */,
				3072C49E1FE316130019D598 /* Frameworks */,
				3072C49F1FE316130019D598 /* Resources */,
				2E902AE7B97E0FCF49F12625 /* Timing END */,
			);
			buildRules = (
			);
			dependencies = (
				3072C4A81FE316130019D598 /* PBXTargetDependency */,
			);
			name = YooMoneyCoreApiTests;
			productName = YooMoneyCoreApiTests;
			productReference = 3072C4A11FE316130019D598 /* YooMoneyCoreApiTests.xctest */;
			productType = "com.apple.product-type.bundle.unit-test";
		};
		DD7681021F6817EA001C18CE /* YooMoneyCoreApi */ = {
			isa = PBXNativeTarget;
			buildConfigurationList = DD7681171F6817EA001C18CE /* Build configuration list for PBXNativeTarget "YooMoneyCoreApi" */;
			buildPhases = (
				0032BBDB185ED8F390CCE974 /* Timing START */,
				DD7680FE1F6817EA001C18CE /* Sources */,
				DD7680FF1F6817EA001C18CE /* Frameworks */,
				DD7681001F6817EA001C18CE /* Headers */,
				DD7681011F6817EA001C18CE /* Resources */,
				48E39A9A9C07EF2EE9B4211B /* Timing END */,
			);
			buildRules = (
			);
			dependencies = (
			);
			name = YooMoneyCoreApi;
			productName = YooMoneyCoreApi;
			productReference = DD7681031F6817EA001C18CE /* YooMoneyCoreApi.framework */;
			productType = "com.apple.product-type.framework";
		};
		E0E34AD024D8414B00FD0E85 /* YooMoneyCoreApi-watchOS */ = {
			isa = PBXNativeTarget;
			buildConfigurationList = E0E34AD924D8414B00FD0E85 /* Build configuration list for PBXNativeTarget "YooMoneyCoreApi-watchOS" */;
			buildPhases = (
				B0F706C1BAE0834DA8BA84C1 /* Timing START */,
				E0E34ACD24D8414B00FD0E85 /* Sources */,
				E0E34ACE24D8414B00FD0E85 /* Frameworks */,
				E0E34ACC24D8414B00FD0E85 /* Headers */,
				E0E34ACF24D8414B00FD0E85 /* Resources */,
				307445E388950B657E3C3A76 /* Timing END */,
			);
			buildRules = (
			);
			dependencies = (
			);
			name = "YooMoneyCoreApi-watchOS";
			productName = "YooMoneyCoreApi-watchOS";
			productReference = E0E34AD124D8414B00FD0E85 /* YooMoneyCoreApi.framework */;
			productType = "com.apple.product-type.framework";
		};
/* End PBXNativeTarget section */

/* Begin PBXProject section */
		DD7680FA1F6817EA001C18CE /* Project object */ = {
			isa = PBXProject;
			attributes = {
				LastSwiftUpdateCheck = 0910;
				LastUpgradeCheck = 1020;
				ORGANIZATIONNAME = Yamoney;
				TargetAttributes = {
					3001001A1FE2AA1800BB5966 = {
						CreatedOnToolsVersion = 9.1;
						DevelopmentTeam = 2752592HU5;
						LastSwiftMigration = 1020;
						ProvisioningStyle = Manual;
					};
					3072C4A01FE316130019D598 = {
						CreatedOnToolsVersion = 9.1;
						DevelopmentTeam = 2752592HU5;
						LastSwiftMigration = 1020;
						ProvisioningStyle = Manual;
					};
					DD7681021F6817EA001C18CE = {
						CreatedOnToolsVersion = 8.3.3;
						DevelopmentTeam = 2752592HU5;
						LastSwiftMigration = 1020;
						ProvisioningStyle = Manual;
					};
					E0E34AD024D8414B00FD0E85 = {
						CreatedOnToolsVersion = 11.3.1;
						DevelopmentTeam = 2752592HU5;
						ProvisioningStyle = Manual;
					};
				};
			};
			buildConfigurationList = DD7680FD1F6817EA001C18CE /* Build configuration list for PBXProject "YooMoneyCoreApi" */;
			compatibilityVersion = "Xcode 3.2";
			developmentRegion = English;
			hasScannedForEncodings = 0;
			knownRegions = (
				English,
				Base,
			);
			mainGroup = DD7680F91F6817EA001C18CE;
			productRefGroup = DD7681041F6817EA001C18CE /* Products */;
			projectDirPath = "";
			projectRoot = "";
			targets = (
				DD7681021F6817EA001C18CE /* YooMoneyCoreApi */,
				E0E34AD024D8414B00FD0E85 /* YooMoneyCoreApi-watchOS */,
				3072C4A01FE316130019D598 /* YooMoneyCoreApiTests */,
				3001001A1FE2AA1800BB5966 /* YooMoneyCoreApiExample */,
			);
		};
/* End PBXProject section */

/* Begin PBXResourcesBuildPhase section */
		300100191FE2AA1800BB5966 /* Resources */ = {
			isa = PBXResourcesBuildPhase;
			buildActionMask = 2147483647;
			files = (
				300100281FE2AA1800BB5966 /* LaunchScreen.storyboard in Resources */,
				300100251FE2AA1800BB5966 /* Assets.xcassets in Resources */,
				300100231FE2AA1800BB5966 /* Main.storyboard in Resources */,
			);
			runOnlyForDeploymentPostprocessing = 0;
		};
		3072C49F1FE316130019D598 /* Resources */ = {
			isa = PBXResourcesBuildPhase;
			buildActionMask = 2147483647;
			files = (
			);
			runOnlyForDeploymentPostprocessing = 0;
		};
		DD7681011F6817EA001C18CE /* Resources */ = {
			isa = PBXResourcesBuildPhase;
			buildActionMask = 2147483647;
			files = (
			);
			runOnlyForDeploymentPostprocessing = 0;
		};
		E0E34ACF24D8414B00FD0E85 /* Resources */ = {
			isa = PBXResourcesBuildPhase;
			buildActionMask = 2147483647;
			files = (
			);
			runOnlyForDeploymentPostprocessing = 0;
		};
/* End PBXResourcesBuildPhase section */

/* Begin PBXShellScriptBuildPhase section */
		0032BBDB185ED8F390CCE974 /* Timing START */ = {
			isa = PBXShellScriptBuildPhase;
			buildActionMask = 2147483647;
			files = (
			);
			inputFileListPaths = (
			);
			inputPaths = (
			);
			name = "Timing START";
			outputFileListPaths = (
			);
			outputPaths = (
			);
			runOnlyForDeploymentPostprocessing = 0;
			shellPath = /bin/sh;
			shellScript = "      DATE=`date \"+%Y-%m-%dT%H:%M:%S.%s\"`\n      echo \"{\\\"date\\\":\\\"$DATE\\\", \\\"taskName\\\":\\\"$TARGETNAME\\\", \\\"event\\\":\\\"start\\\"},\" >> /var/folders/zq/fn06mpq901q5y5qhjrt17hjw0000gp/T/event.tmp\n";
		};
		2E902AE7B97E0FCF49F12625 /* Timing END */ = {
			isa = PBXShellScriptBuildPhase;
			buildActionMask = 2147483647;
			files = (
			);
			inputFileListPaths = (
			);
			inputPaths = (
			);
			name = "Timing END";
			outputFileListPaths = (
			);
			outputPaths = (
			);
			runOnlyForDeploymentPostprocessing = 0;
			shellPath = /bin/sh;
			shellScript = "      DATE=`date \"+%Y-%m-%dT%H:%M:%S.%s\"`\n      echo \"{\\\"date\\\":\\\"$DATE\\\", \\\"taskName\\\":\\\"$TARGETNAME\\\", \\\"event\\\":\\\"end\\\"},\" >> /var/folders/zq/fn06mpq901q5y5qhjrt17hjw0000gp/T/event.tmp\n";
		};
		307445E388950B657E3C3A76 /* Timing END */ = {
			isa = PBXShellScriptBuildPhase;
			buildActionMask = 2147483647;
			files = (
			);
			inputFileListPaths = (
			);
			inputPaths = (
			);
			name = "Timing END";
			outputFileListPaths = (
			);
			outputPaths = (
			);
			runOnlyForDeploymentPostprocessing = 0;
			shellPath = /bin/sh;
			shellScript = "      DATE=`date \"+%Y-%m-%dT%H:%M:%S.%s\"`\n      echo \"{\\\"date\\\":\\\"$DATE\\\", \\\"taskName\\\":\\\"$TARGETNAME\\\", \\\"event\\\":\\\"end\\\"},\" >> /var/folders/zq/fn06mpq901q5y5qhjrt17hjw0000gp/T/event.tmp\n";
		};
		37731ECF03988B29AC461A55 /* Timing START */ = {
			isa = PBXShellScriptBuildPhase;
			buildActionMask = 2147483647;
			files = (
			);
			inputFileListPaths = (
			);
			inputPaths = (
			);
			name = "Timing START";
			outputFileListPaths = (
			);
			outputPaths = (
			);
			runOnlyForDeploymentPostprocessing = 0;
			shellPath = /bin/sh;
			shellScript = "      DATE=`date \"+%Y-%m-%dT%H:%M:%S.%s\"`\n      echo \"{\\\"date\\\":\\\"$DATE\\\", \\\"taskName\\\":\\\"$TARGETNAME\\\", \\\"event\\\":\\\"start\\\"},\" >> /var/folders/zq/fn06mpq901q5y5qhjrt17hjw0000gp/T/event.tmp\n";
		};
		3873B880DFA1CD897039DCD5 /* Timing END */ = {
			isa = PBXShellScriptBuildPhase;
			buildActionMask = 2147483647;
			files = (
			);
			inputFileListPaths = (
			);
			inputPaths = (
			);
			name = "Timing END";
			outputFileListPaths = (
			);
			outputPaths = (
			);
			runOnlyForDeploymentPostprocessing = 0;
			shellPath = /bin/sh;
			shellScript = "      DATE=`date \"+%Y-%m-%dT%H:%M:%S.%s\"`\n      echo \"{\\\"date\\\":\\\"$DATE\\\", \\\"taskName\\\":\\\"$TARGETNAME\\\", \\\"event\\\":\\\"end\\\"},\" >> /var/folders/zq/fn06mpq901q5y5qhjrt17hjw0000gp/T/event.tmp\n";
		};
		48E39A9A9C07EF2EE9B4211B /* Timing END */ = {
			isa = PBXShellScriptBuildPhase;
			buildActionMask = 2147483647;
			files = (
			);
			inputFileListPaths = (
			);
			inputPaths = (
			);
			name = "Timing END";
			outputFileListPaths = (
			);
			outputPaths = (
			);
			runOnlyForDeploymentPostprocessing = 0;
			shellPath = /bin/sh;
			shellScript = "      DATE=`date \"+%Y-%m-%dT%H:%M:%S.%s\"`\n      echo \"{\\\"date\\\":\\\"$DATE\\\", \\\"taskName\\\":\\\"$TARGETNAME\\\", \\\"event\\\":\\\"end\\\"},\" >> /var/folders/zq/fn06mpq901q5y5qhjrt17hjw0000gp/T/event.tmp\n";
		};
		B0F706C1BAE0834DA8BA84C1 /* Timing START */ = {
			isa = PBXShellScriptBuildPhase;
			buildActionMask = 2147483647;
			files = (
			);
			inputFileListPaths = (
			);
			inputPaths = (
			);
			name = "Timing START";
			outputFileListPaths = (
			);
			outputPaths = (
			);
			runOnlyForDeploymentPostprocessing = 0;
			shellPath = /bin/sh;
			shellScript = "      DATE=`date \"+%Y-%m-%dT%H:%M:%S.%s\"`\n      echo \"{\\\"date\\\":\\\"$DATE\\\", \\\"taskName\\\":\\\"$TARGETNAME\\\", \\\"event\\\":\\\"start\\\"},\" >> /var/folders/zq/fn06mpq901q5y5qhjrt17hjw0000gp/T/event.tmp\n";
		};
		C6FDFAACE8D90740619EE40B /* Timing START */ = {
			isa = PBXShellScriptBuildPhase;
			buildActionMask = 2147483647;
			files = (
			);
			inputFileListPaths = (
			);
			inputPaths = (
			);
			name = "Timing START";
			outputFileListPaths = (
			);
			outputPaths = (
			);
			runOnlyForDeploymentPostprocessing = 0;
			shellPath = /bin/sh;
			shellScript = "      DATE=`date \"+%Y-%m-%dT%H:%M:%S.%s\"`\n      echo \"{\\\"date\\\":\\\"$DATE\\\", \\\"taskName\\\":\\\"$TARGETNAME\\\", \\\"event\\\":\\\"start\\\"},\" >> /var/folders/zq/fn06mpq901q5y5qhjrt17hjw0000gp/T/event.tmp\n";
		};
/* End PBXShellScriptBuildPhase section */

/* Begin PBXSourcesBuildPhase section */
		300100171FE2AA1800BB5966 /* Sources */ = {
			isa = PBXSourcesBuildPhase;
			buildActionMask = 2147483647;
			files = (
				300100201FE2AA1800BB5966 /* ViewController.swift in Sources */,
				3001001E1FE2AA1800BB5966 /* AppDelegate.swift in Sources */,
			);
			runOnlyForDeploymentPostprocessing = 0;
		};
		3072C49D1FE316130019D598 /* Sources */ = {
			isa = PBXSourcesBuildPhase;
			buildActionMask = 2147483647;
			files = (
				3072C4AD1FE317330019D598 /* ApiSessionRequestUrlTests.swift in Sources */,
				3470AE742344CA5F00ED48CB /* AnyDecodingTests.swift in Sources */,
				3072C4B01FE317330019D598 /* XCTTools.swift in Sources */,
				3072C4B11FE317330019D598 /* String+Tools.swift in Sources */,
			);
			runOnlyForDeploymentPostprocessing = 0;
		};
		DD7680FE1F6817EA001C18CE /* Sources */ = {
			isa = PBXSourcesBuildPhase;
			buildActionMask = 2147483647;
			files = (
				DD9234D41F6968DC00AFD229 /* ApiMethod.swift in Sources */,
				343BF28C2343ACE300C54D15 /* AnyDecoding.swift in Sources */,
				DDB208021F695320007163CE /* QueryParametersEncoder.swift in Sources */,
				DDB207FA1F695320007163CE /* ApiSession.swift in Sources */,
				DDB207FD1F695320007163CE /* OAuthTokenProvider.swift in Sources */,
				DDB208001F695320007163CE /* Task.swift in Sources */,
				DDB207FC1F695320007163CE /* HostProvider.swift in Sources */,
				392DFB9221FB06CB005F87BA /* DataApiResponse.swift in Sources */,
				DDB208251F695320007163CE /* TaskLogger.swift in Sources */,
				402EB81F31CFE9A1DCFE48CD /* ErrorApiResponse.swift in Sources */,
				402EB956680DF685D70ACAA4 /* Headers.swift in Sources */,
				402EB47C58F5A0EAB9C39055 /* HeadersFactory.swift in Sources */,
				402EBF8BC4715593641E6EEF /* DefaultHeadersFactory.swift in Sources */,
				402EBCB4DCC7673685E6608D /* ApiResponse.swift in Sources */,
				39727EA9224BBB3F00C9F23C /* LossyArray.swift in Sources */,
				402EB09FB8595386589612DA /* JsonApiResponse.swift in Sources */,
				402EB0177F250339F6962DE9 /* TextApiResponse.swift in Sources */,
				402EB39C0C0F49E44AD89602 /* StringEncoder.swift in Sources */,
				402EB5A4E7693257A9A07305 /* JsonParametersEncoder.swift in Sources */,
				402EBB5956ED210773E12049 /* ApiSessionDelegate.swift in Sources */,
				402EBF67EB41289A029174FF /* URLRequest+Init.swift in Sources */,
				402EB1CB5B7DA6E266AC24D9 /* RequestData.swift in Sources */,
				402EBE8ED0D7F10A5F9AAAC8 /* CoreApiError.swift in Sources */,
				244F75CC6FBE7B028BA58C5D /* Logger.swift in Sources */,
				244F723074A13EB99F59AFC2 /* ConsoleLogger.swift in Sources */,
			);
			runOnlyForDeploymentPostprocessing = 0;
		};
		E0E34ACD24D8414B00FD0E85 /* Sources */ = {
			isa = PBXSourcesBuildPhase;
			buildActionMask = 2147483647;
			files = (
				E0E34AF124D8417D00FD0E85 /* ErrorApiResponse.swift in Sources */,
				E0E34AF224D8417D00FD0E85 /* CoreApiError.swift in Sources */,
				E0E34AEC24D8417900FD0E85 /* QueryParametersEncoder.swift in Sources */,
				E0E34AED24D8417900FD0E85 /* JsonParametersEncoder.swift in Sources */,
				E0E34AEE24D8417900FD0E85 /* LossyArray.swift in Sources */,
				E0E34AEF24D8417900FD0E85 /* TaskLogger.swift in Sources */,
				E0E34AF024D8417900FD0E85 /* StringEncoder.swift in Sources */,
				E0E34AE724D8417400FD0E85 /* URLRequest+Init.swift in Sources */,
				E0E34AE824D8417400FD0E85 /* AnyDecoding.swift in Sources */,
				E0E34AE924D8417400FD0E85 /* RequestData.swift in Sources */,
				E0E34AEA24D8417400FD0E85 /* Logger.swift in Sources */,
				E0E34AEB24D8417400FD0E85 /* ConsoleLogger.swift in Sources */,
				E0E34AE224D8416F00FD0E85 /* ApiResponse.swift in Sources */,
				E0E34AE324D8416F00FD0E85 /* JsonApiResponse.swift in Sources */,
				E0E34AE424D8416F00FD0E85 /* TextApiResponse.swift in Sources */,
				E0E34AE524D8416F00FD0E85 /* DataApiResponse.swift in Sources */,
				E0E34AE624D8417000FD0E85 /* ApiSessionDelegate.swift in Sources */,
				E0E34ADF24D8416C00FD0E85 /* Headers.swift in Sources */,
				E0E34AE024D8416C00FD0E85 /* HeadersFactory.swift in Sources */,
				E0E34AE124D8416C00FD0E85 /* DefaultHeadersFactory.swift in Sources */,
				E0E34ADA24D8416800FD0E85 /* ApiSession.swift in Sources */,
				E0E34ADB24D8416800FD0E85 /* ApiMethod.swift in Sources */,
				E0E34ADC24D8416800FD0E85 /* HostProvider.swift in Sources */,
				E0E34ADD24D8416800FD0E85 /* OAuthTokenProvider.swift in Sources */,
				E0E34ADE24D8416800FD0E85 /* Task.swift in Sources */,
			);
			runOnlyForDeploymentPostprocessing = 0;
		};
/* End PBXSourcesBuildPhase section */

/* Begin PBXTargetDependency section */
		3072C4A81FE316130019D598 /* PBXTargetDependency */ = {
			isa = PBXTargetDependency;
			target = DD7681021F6817EA001C18CE /* YooMoneyCoreApi */;
			targetProxy = 3072C4A71FE316130019D598 /* PBXContainerItemProxy */;
		};
/* End PBXTargetDependency section */

/* Begin PBXVariantGroup section */
		300100211FE2AA1800BB5966 /* Main.storyboard */ = {
			isa = PBXVariantGroup;
			children = (
				300100221FE2AA1800BB5966 /* Base */,
			);
			name = Main.storyboard;
			sourceTree = "<group>";
		};
		300100261FE2AA1800BB5966 /* LaunchScreen.storyboard */ = {
			isa = PBXVariantGroup;
			children = (
				300100271FE2AA1800BB5966 /* Base */,
			);
			name = LaunchScreen.storyboard;
			sourceTree = "<group>";
		};
/* End PBXVariantGroup section */

/* Begin XCBuildConfiguration section */
		300100141FE2A9AE00BB5966 /* AdHoc */ = {
			isa = XCBuildConfiguration;
			buildSettings = {
				ALWAYS_SEARCH_USER_PATHS = NO;
				CLANG_ANALYZER_LOCALIZABILITY_NONLOCALIZED = YES;
				CLANG_ANALYZER_NONNULL = YES;
				CLANG_ANALYZER_NUMBER_OBJECT_CONVERSION = YES_AGGRESSIVE;
				CLANG_CXX_LANGUAGE_STANDARD = "gnu++0x";
				CLANG_CXX_LIBRARY = "libc++";
				CLANG_ENABLE_MODULES = YES;
				CLANG_ENABLE_OBJC_ARC = YES;
				CLANG_WARN_BLOCK_CAPTURE_AUTORELEASING = YES;
				CLANG_WARN_BOOL_CONVERSION = YES;
				CLANG_WARN_COMMA = YES;
				CLANG_WARN_CONSTANT_CONVERSION = YES;
				CLANG_WARN_DEPRECATED_OBJC_IMPLEMENTATIONS = YES;
				CLANG_WARN_DIRECT_OBJC_ISA_USAGE = YES_ERROR;
				CLANG_WARN_DOCUMENTATION_COMMENTS = YES;
				CLANG_WARN_EMPTY_BODY = YES;
				CLANG_WARN_ENUM_CONVERSION = YES;
				CLANG_WARN_INFINITE_RECURSION = YES;
				CLANG_WARN_INT_CONVERSION = YES;
				CLANG_WARN_NON_LITERAL_NULL_CONVERSION = YES;
				CLANG_WARN_OBJC_IMPLICIT_RETAIN_SELF = YES;
				CLANG_WARN_OBJC_LITERAL_CONVERSION = YES;
				CLANG_WARN_OBJC_ROOT_CLASS = YES_ERROR;
				CLANG_WARN_RANGE_LOOP_ANALYSIS = YES;
				CLANG_WARN_STRICT_PROTOTYPES = YES;
				CLANG_WARN_SUSPICIOUS_MOVE = YES;
				CLANG_WARN_UNREACHABLE_CODE = YES;
				CLANG_WARN__DUPLICATE_METHOD_MATCH = YES;
				"CODE_SIGN_IDENTITY[sdk=iphoneos*]" = "iPhone Developer";
				COPY_PHASE_STRIP = NO;
				CURRENT_PROJECT_VERSION = 1;
				DEBUG_INFORMATION_FORMAT = "dwarf-with-dsym";
				ENABLE_NS_ASSERTIONS = NO;
				ENABLE_STRICT_OBJC_MSGSEND = YES;
				GCC_C_LANGUAGE_STANDARD = gnu99;
				GCC_NO_COMMON_BLOCKS = YES;
				GCC_WARN_64_TO_32_BIT_CONVERSION = YES;
				GCC_WARN_ABOUT_RETURN_TYPE = YES_ERROR;
				GCC_WARN_UNDECLARED_SELECTOR = YES;
				GCC_WARN_UNINITIALIZED_AUTOS = YES_AGGRESSIVE;
				GCC_WARN_UNUSED_FUNCTION = YES;
				GCC_WARN_UNUSED_VARIABLE = YES;
				IPHONEOS_DEPLOYMENT_TARGET = 8.0;
				MTL_ENABLE_DEBUG_INFO = NO;
				SDKROOT = iphoneos;
				SWIFT_COMPILATION_MODE = wholemodule;
				SWIFT_OPTIMIZATION_LEVEL = "-O";
				SWIFT_VERSION = 4.2;
				TARGETED_DEVICE_FAMILY = "1,2";
				VALIDATE_PRODUCT = YES;
				VERSIONING_SYSTEM = "apple-generic";
				VERSION_INFO_PREFIX = "";
			};
			name = AdHoc;
		};
		300100151FE2A9AE00BB5966 /* AdHoc */ = {
			isa = XCBuildConfiguration;
			buildSettings = {
				APPLICATION_EXTENSION_API_ONLY = YES;
				BUILD_LIBRARY_FOR_DISTRIBUTION = YES;
				CLANG_ENABLE_MODULES = YES;
				CODE_SIGN_IDENTITY = "iPhone Distribution";
				DEFINES_MODULE = YES;
				DEVELOPMENT_TEAM = 2752592HU5;
				DYLIB_COMPATIBILITY_VERSION = 1;
				DYLIB_CURRENT_VERSION = 1;
				DYLIB_INSTALL_NAME_BASE = "@rpath";
				FRAMEWORK_SEARCH_PATHS = (
					"$(inherited)",
					"$(PROJECT_DIR)/Carthage/Build/iOS",
				);
				INFOPLIST_FILE = YooMoneyCoreApi/Info.plist;
				INSTALL_PATH = "$(LOCAL_LIBRARY_DIR)/Frameworks";
				LD_RUNPATH_SEARCH_PATHS = (
					"$(inherited)",
					"@executable_path/Frameworks",
					"@loader_path/Frameworks",
				);
				PRODUCT_BUNDLE_IDENTIFIER = ru.yoo.money.api.core;
				PRODUCT_NAME = "$(TARGET_NAME)";
				PROVISIONING_PROFILE = "";
				SKIP_INSTALL = YES;
				SWIFT_VERSION = 5.0;
			};
			name = AdHoc;
		};
		3001002B1FE2AA1800BB5966 /* Debug */ = {
			isa = XCBuildConfiguration;
			buildSettings = {
				ASSETCATALOG_COMPILER_APPICON_NAME = AppIcon;
				CLANG_CXX_LANGUAGE_STANDARD = "gnu++14";
				CLANG_WARN_BLOCK_CAPTURE_AUTORELEASING = YES;
				CLANG_WARN_COMMA = YES;
				CLANG_WARN_NON_LITERAL_NULL_CONVERSION = YES;
				CLANG_WARN_OBJC_LITERAL_CONVERSION = YES;
				CLANG_WARN_RANGE_LOOP_ANALYSIS = YES;
				CLANG_WARN_STRICT_PROTOTYPES = YES;
				CLANG_WARN_UNGUARDED_AVAILABILITY = YES_AGGRESSIVE;
				DEVELOPMENT_TEAM = 2752592HU5;
				FRAMEWORK_SEARCH_PATHS = (
					"$(inherited)",
					"$(PROJECT_DIR)/Carthage/Build/iOS",
				);
				GCC_C_LANGUAGE_STANDARD = gnu11;
				INFOPLIST_FILE = YooMoneyCoreApiExample/Info.plist;
				IPHONEOS_DEPLOYMENT_TARGET = 8.0;
				LD_RUNPATH_SEARCH_PATHS = (
					"$(inherited)",
					"@executable_path/Frameworks",
				);
				PRODUCT_BUNDLE_IDENTIFIER = ru.yoo.money.api.coreExample;
				PRODUCT_NAME = "$(TARGET_NAME)";
				SWIFT_VERSION = 5.0;
				TARGETED_DEVICE_FAMILY = "1,2";
			};
			name = Debug;
		};
		3001002C1FE2AA1800BB5966 /* AppStore */ = {
			isa = XCBuildConfiguration;
			buildSettings = {
				ALWAYS_SEARCH_USER_PATHS = NO;
				ASSETCATALOG_COMPILER_APPICON_NAME = AppIcon;
				CLANG_ANALYZER_NONNULL = YES;
				CLANG_ANALYZER_NUMBER_OBJECT_CONVERSION = YES_AGGRESSIVE;
				CLANG_CXX_LANGUAGE_STANDARD = "gnu++14";
				CLANG_CXX_LIBRARY = "libc++";
				CLANG_ENABLE_MODULES = YES;
				CLANG_ENABLE_OBJC_ARC = YES;
				CLANG_WARN_BLOCK_CAPTURE_AUTORELEASING = YES;
				CLANG_WARN_BOOL_CONVERSION = YES;
				CLANG_WARN_COMMA = YES;
				CLANG_WARN_CONSTANT_CONVERSION = YES;
				CLANG_WARN_DIRECT_OBJC_ISA_USAGE = YES_ERROR;
				CLANG_WARN_DOCUMENTATION_COMMENTS = YES;
				CLANG_WARN_EMPTY_BODY = YES;
				CLANG_WARN_ENUM_CONVERSION = YES;
				CLANG_WARN_INFINITE_RECURSION = YES;
				CLANG_WARN_INT_CONVERSION = YES;
				CLANG_WARN_NON_LITERAL_NULL_CONVERSION = YES;
				CLANG_WARN_OBJC_LITERAL_CONVERSION = YES;
				CLANG_WARN_OBJC_ROOT_CLASS = YES_ERROR;
				CLANG_WARN_RANGE_LOOP_ANALYSIS = YES;
				CLANG_WARN_STRICT_PROTOTYPES = YES;
				CLANG_WARN_SUSPICIOUS_MOVE = YES;
				CLANG_WARN_UNGUARDED_AVAILABILITY = YES_AGGRESSIVE;
				CLANG_WARN_UNREACHABLE_CODE = YES;
				CLANG_WARN__DUPLICATE_METHOD_MATCH = YES;
				CODE_SIGN_STYLE = Manual;
				COPY_PHASE_STRIP = NO;
				DEBUG_INFORMATION_FORMAT = "dwarf-with-dsym";
				DEVELOPMENT_TEAM = 2752592HU5;
				ENABLE_NS_ASSERTIONS = NO;
				ENABLE_STRICT_OBJC_MSGSEND = YES;
				FRAMEWORK_SEARCH_PATHS = (
					"$(inherited)",
					"$(PROJECT_DIR)/Carthage/Build/iOS",
				);
				GCC_C_LANGUAGE_STANDARD = gnu11;
				GCC_NO_COMMON_BLOCKS = YES;
				GCC_WARN_64_TO_32_BIT_CONVERSION = YES;
				GCC_WARN_ABOUT_RETURN_TYPE = YES_ERROR;
				GCC_WARN_UNDECLARED_SELECTOR = YES;
				GCC_WARN_UNINITIALIZED_AUTOS = YES_AGGRESSIVE;
				GCC_WARN_UNUSED_FUNCTION = YES;
				GCC_WARN_UNUSED_VARIABLE = YES;
				INFOPLIST_FILE = YooMoneyCoreApiExample/Info.plist;
				IPHONEOS_DEPLOYMENT_TARGET = 8.0;
				LD_RUNPATH_SEARCH_PATHS = (
					"$(inherited)",
					"@executable_path/Frameworks",
				);
				MTL_ENABLE_DEBUG_INFO = NO;
				PRODUCT_BUNDLE_IDENTIFIER = ru.yoo.money.api.coreExample;
				PRODUCT_NAME = "$(TARGET_NAME)";
				PROVISIONING_PROFILE_SPECIFIER = "";
				SDKROOT = iphoneos;
				SWIFT_COMPILATION_MODE = wholemodule;
				SWIFT_OPTIMIZATION_LEVEL = "-O";
				SWIFT_VERSION = 5.0;
				TARGETED_DEVICE_FAMILY = "1,2";
				VALIDATE_PRODUCT = YES;
			};
			name = AppStore;
		};
		3001002D1FE2AA1800BB5966 /* AdHoc */ = {
			isa = XCBuildConfiguration;
			buildSettings = {
				ALWAYS_SEARCH_USER_PATHS = NO;
				ASSETCATALOG_COMPILER_APPICON_NAME = AppIcon;
				CLANG_ANALYZER_NONNULL = YES;
				CLANG_ANALYZER_NUMBER_OBJECT_CONVERSION = YES_AGGRESSIVE;
				CLANG_CXX_LANGUAGE_STANDARD = "gnu++14";
				CLANG_CXX_LIBRARY = "libc++";
				CLANG_ENABLE_MODULES = YES;
				CLANG_ENABLE_OBJC_ARC = YES;
				CLANG_WARN_BLOCK_CAPTURE_AUTORELEASING = YES;
				CLANG_WARN_BOOL_CONVERSION = YES;
				CLANG_WARN_COMMA = YES;
				CLANG_WARN_CONSTANT_CONVERSION = YES;
				CLANG_WARN_DIRECT_OBJC_ISA_USAGE = YES_ERROR;
				CLANG_WARN_DOCUMENTATION_COMMENTS = YES;
				CLANG_WARN_EMPTY_BODY = YES;
				CLANG_WARN_ENUM_CONVERSION = YES;
				CLANG_WARN_INFINITE_RECURSION = YES;
				CLANG_WARN_INT_CONVERSION = YES;
				CLANG_WARN_NON_LITERAL_NULL_CONVERSION = YES;
				CLANG_WARN_OBJC_LITERAL_CONVERSION = YES;
				CLANG_WARN_OBJC_ROOT_CLASS = YES_ERROR;
				CLANG_WARN_RANGE_LOOP_ANALYSIS = YES;
				CLANG_WARN_STRICT_PROTOTYPES = YES;
				CLANG_WARN_SUSPICIOUS_MOVE = YES;
				CLANG_WARN_UNGUARDED_AVAILABILITY = YES_AGGRESSIVE;
				CLANG_WARN_UNREACHABLE_CODE = YES;
				CLANG_WARN__DUPLICATE_METHOD_MATCH = YES;
				CODE_SIGN_IDENTITY = "iPhone Distribution";
				CODE_SIGN_STYLE = Manual;
				COPY_PHASE_STRIP = NO;
				DEBUG_INFORMATION_FORMAT = "dwarf-with-dsym";
				DEVELOPMENT_TEAM = 2752592HU5;
				ENABLE_NS_ASSERTIONS = NO;
				ENABLE_STRICT_OBJC_MSGSEND = YES;
				FRAMEWORK_SEARCH_PATHS = (
					"$(inherited)",
					"$(PROJECT_DIR)/Carthage/Build/iOS",
				);
				GCC_C_LANGUAGE_STANDARD = gnu11;
				GCC_NO_COMMON_BLOCKS = YES;
				GCC_WARN_64_TO_32_BIT_CONVERSION = YES;
				GCC_WARN_ABOUT_RETURN_TYPE = YES_ERROR;
				GCC_WARN_UNDECLARED_SELECTOR = YES;
				GCC_WARN_UNINITIALIZED_AUTOS = YES_AGGRESSIVE;
				GCC_WARN_UNUSED_FUNCTION = YES;
				GCC_WARN_UNUSED_VARIABLE = YES;
				INFOPLIST_FILE = YooMoneyCoreApiExample/Info.plist;
				IPHONEOS_DEPLOYMENT_TARGET = 8.0;
				LD_RUNPATH_SEARCH_PATHS = (
					"$(inherited)",
					"@executable_path/Frameworks",
				);
				MTL_ENABLE_DEBUG_INFO = NO;
				PRODUCT_BUNDLE_IDENTIFIER = ru.yoo.money.api.coreExample;
				PRODUCT_NAME = "$(TARGET_NAME)";
				PROVISIONING_PROFILE = "";
				PROVISIONING_PROFILE_SPECIFIER = "Yoo Wild";
				SDKROOT = iphoneos;
				SWIFT_COMPILATION_MODE = wholemodule;
				SWIFT_OPTIMIZATION_LEVEL = "-O";
				SWIFT_VERSION = 5.0;
				TARGETED_DEVICE_FAMILY = "1,2";
				VALIDATE_PRODUCT = YES;
			};
			name = AdHoc;
		};
		3072C4AA1FE316130019D598 /* Debug */ = {
			isa = XCBuildConfiguration;
			buildSettings = {
				CLANG_CXX_LANGUAGE_STANDARD = "gnu++14";
				CLANG_WARN_BLOCK_CAPTURE_AUTORELEASING = YES;
				CLANG_WARN_COMMA = YES;
				CLANG_WARN_NON_LITERAL_NULL_CONVERSION = YES;
				CLANG_WARN_OBJC_LITERAL_CONVERSION = YES;
				CLANG_WARN_RANGE_LOOP_ANALYSIS = YES;
				CLANG_WARN_STRICT_PROTOTYPES = YES;
				CLANG_WARN_UNGUARDED_AVAILABILITY = YES_AGGRESSIVE;
				CODE_SIGN_STYLE = Automatic;
				DEVELOPMENT_TEAM = "";
				FRAMEWORK_SEARCH_PATHS = (
					"$(inherited)",
					"$(PROJECT_DIR)/Carthage/Build/iOS",
				);
				GCC_C_LANGUAGE_STANDARD = gnu11;
				INFOPLIST_FILE = YooMoneyCoreApiTests/Info.plist;
				IPHONEOS_DEPLOYMENT_TARGET = 8.0;
				LD_RUNPATH_SEARCH_PATHS = (
					"$(inherited)",
					"@executable_path/Frameworks",
					"@loader_path/Frameworks",
				);
				PRODUCT_BUNDLE_IDENTIFIER = ru.yoo.money.api.coreTests;
				PRODUCT_NAME = "$(TARGET_NAME)";
				PROVISIONING_PROFILE_SPECIFIER = "";
				"PROVISIONING_PROFILE_SPECIFIER[sdk=macosx*]" = "";
				SWIFT_VERSION = 5.0;
				TARGETED_DEVICE_FAMILY = "1,2";
			};
			name = Debug;
		};
		3072C4AB1FE316130019D598 /* AppStore */ = {
			isa = XCBuildConfiguration;
			buildSettings = {
				ALWAYS_SEARCH_USER_PATHS = NO;
				CLANG_ANALYZER_NONNULL = YES;
				CLANG_ANALYZER_NUMBER_OBJECT_CONVERSION = YES_AGGRESSIVE;
				CLANG_CXX_LANGUAGE_STANDARD = "gnu++14";
				CLANG_CXX_LIBRARY = "libc++";
				CLANG_ENABLE_MODULES = YES;
				CLANG_ENABLE_OBJC_ARC = YES;
				CLANG_WARN_BLOCK_CAPTURE_AUTORELEASING = YES;
				CLANG_WARN_BOOL_CONVERSION = YES;
				CLANG_WARN_COMMA = YES;
				CLANG_WARN_CONSTANT_CONVERSION = YES;
				CLANG_WARN_DIRECT_OBJC_ISA_USAGE = YES_ERROR;
				CLANG_WARN_DOCUMENTATION_COMMENTS = YES;
				CLANG_WARN_EMPTY_BODY = YES;
				CLANG_WARN_ENUM_CONVERSION = YES;
				CLANG_WARN_INFINITE_RECURSION = YES;
				CLANG_WARN_INT_CONVERSION = YES;
				CLANG_WARN_NON_LITERAL_NULL_CONVERSION = YES;
				CLANG_WARN_OBJC_LITERAL_CONVERSION = YES;
				CLANG_WARN_OBJC_ROOT_CLASS = YES_ERROR;
				CLANG_WARN_RANGE_LOOP_ANALYSIS = YES;
				CLANG_WARN_STRICT_PROTOTYPES = YES;
				CLANG_WARN_SUSPICIOUS_MOVE = YES;
				CLANG_WARN_UNGUARDED_AVAILABILITY = YES_AGGRESSIVE;
				CLANG_WARN_UNREACHABLE_CODE = YES;
				CLANG_WARN__DUPLICATE_METHOD_MATCH = YES;
				CODE_SIGN_STYLE = Automatic;
				COPY_PHASE_STRIP = NO;
				DEBUG_INFORMATION_FORMAT = "dwarf-with-dsym";
				DEVELOPMENT_TEAM = "";
				ENABLE_NS_ASSERTIONS = NO;
				ENABLE_STRICT_OBJC_MSGSEND = YES;
				FRAMEWORK_SEARCH_PATHS = (
					"$(inherited)",
					"$(PROJECT_DIR)/Carthage/Build/iOS",
				);
				GCC_C_LANGUAGE_STANDARD = gnu11;
				GCC_NO_COMMON_BLOCKS = YES;
				GCC_WARN_64_TO_32_BIT_CONVERSION = YES;
				GCC_WARN_ABOUT_RETURN_TYPE = YES_ERROR;
				GCC_WARN_UNDECLARED_SELECTOR = YES;
				GCC_WARN_UNINITIALIZED_AUTOS = YES_AGGRESSIVE;
				GCC_WARN_UNUSED_FUNCTION = YES;
				GCC_WARN_UNUSED_VARIABLE = YES;
				INFOPLIST_FILE = YooMoneyCoreApiTests/Info.plist;
				IPHONEOS_DEPLOYMENT_TARGET = 8.0;
				LD_RUNPATH_SEARCH_PATHS = (
					"$(inherited)",
					"@executable_path/Frameworks",
					"@loader_path/Frameworks",
				);
				MTL_ENABLE_DEBUG_INFO = NO;
				PRODUCT_BUNDLE_IDENTIFIER = ru.yoo.money.api.coreTests;
				PRODUCT_NAME = "$(TARGET_NAME)";
				PROVISIONING_PROFILE_SPECIFIER = "";
				"PROVISIONING_PROFILE_SPECIFIER[sdk=macosx*]" = "";
				SDKROOT = iphoneos;
				SWIFT_COMPILATION_MODE = wholemodule;
				SWIFT_OPTIMIZATION_LEVEL = "-O";
				SWIFT_VERSION = 5.0;
				TARGETED_DEVICE_FAMILY = "1,2";
				VALIDATE_PRODUCT = YES;
			};
			name = AppStore;
		};
		3072C4AC1FE316130019D598 /* AdHoc */ = {
			isa = XCBuildConfiguration;
			buildSettings = {
				ALWAYS_SEARCH_USER_PATHS = NO;
				CLANG_ANALYZER_NONNULL = YES;
				CLANG_ANALYZER_NUMBER_OBJECT_CONVERSION = YES_AGGRESSIVE;
				CLANG_CXX_LANGUAGE_STANDARD = "gnu++14";
				CLANG_CXX_LIBRARY = "libc++";
				CLANG_ENABLE_MODULES = YES;
				CLANG_ENABLE_OBJC_ARC = YES;
				CLANG_WARN_BLOCK_CAPTURE_AUTORELEASING = YES;
				CLANG_WARN_BOOL_CONVERSION = YES;
				CLANG_WARN_COMMA = YES;
				CLANG_WARN_CONSTANT_CONVERSION = YES;
				CLANG_WARN_DIRECT_OBJC_ISA_USAGE = YES_ERROR;
				CLANG_WARN_DOCUMENTATION_COMMENTS = YES;
				CLANG_WARN_EMPTY_BODY = YES;
				CLANG_WARN_ENUM_CONVERSION = YES;
				CLANG_WARN_INFINITE_RECURSION = YES;
				CLANG_WARN_INT_CONVERSION = YES;
				CLANG_WARN_NON_LITERAL_NULL_CONVERSION = YES;
				CLANG_WARN_OBJC_LITERAL_CONVERSION = YES;
				CLANG_WARN_OBJC_ROOT_CLASS = YES_ERROR;
				CLANG_WARN_RANGE_LOOP_ANALYSIS = YES;
				CLANG_WARN_STRICT_PROTOTYPES = YES;
				CLANG_WARN_SUSPICIOUS_MOVE = YES;
				CLANG_WARN_UNGUARDED_AVAILABILITY = YES_AGGRESSIVE;
				CLANG_WARN_UNREACHABLE_CODE = YES;
				CLANG_WARN__DUPLICATE_METHOD_MATCH = YES;
				CODE_SIGN_IDENTITY = "iPhone Distribution";
				CODE_SIGN_STYLE = Automatic;
				COPY_PHASE_STRIP = NO;
				DEBUG_INFORMATION_FORMAT = "dwarf-with-dsym";
				DEVELOPMENT_TEAM = 2752592HU5;
				ENABLE_NS_ASSERTIONS = NO;
				ENABLE_STRICT_OBJC_MSGSEND = YES;
				FRAMEWORK_SEARCH_PATHS = (
					"$(inherited)",
					"$(PROJECT_DIR)/Carthage/Build/iOS",
				);
				GCC_C_LANGUAGE_STANDARD = gnu11;
				GCC_NO_COMMON_BLOCKS = YES;
				GCC_WARN_64_TO_32_BIT_CONVERSION = YES;
				GCC_WARN_ABOUT_RETURN_TYPE = YES_ERROR;
				GCC_WARN_UNDECLARED_SELECTOR = YES;
				GCC_WARN_UNINITIALIZED_AUTOS = YES_AGGRESSIVE;
				GCC_WARN_UNUSED_FUNCTION = YES;
				GCC_WARN_UNUSED_VARIABLE = YES;
				INFOPLIST_FILE = YooMoneyCoreApiTests/Info.plist;
				IPHONEOS_DEPLOYMENT_TARGET = 8.0;
				LD_RUNPATH_SEARCH_PATHS = (
					"$(inherited)",
					"@executable_path/Frameworks",
					"@loader_path/Frameworks",
				);
				MTL_ENABLE_DEBUG_INFO = NO;
				PRODUCT_BUNDLE_IDENTIFIER = ru.yoo.money.api.coreTests;
				PRODUCT_NAME = "$(TARGET_NAME)";
				PROVISIONING_PROFILE = "";
				"PROVISIONING_PROFILE_SPECIFIER[sdk=macosx*]" = "";
				SDKROOT = iphoneos;
				SWIFT_COMPILATION_MODE = wholemodule;
				SWIFT_OPTIMIZATION_LEVEL = "-O";
				SWIFT_VERSION = 5.0;
				TARGETED_DEVICE_FAMILY = "1,2";
				VALIDATE_PRODUCT = YES;
			};
			name = AdHoc;
		};
		DD7681151F6817EA001C18CE /* Debug */ = {
			isa = XCBuildConfiguration;
			buildSettings = {
				ALWAYS_SEARCH_USER_PATHS = NO;
				CLANG_ANALYZER_LOCALIZABILITY_NONLOCALIZED = YES;
				CLANG_ANALYZER_NONNULL = YES;
				CLANG_ANALYZER_NUMBER_OBJECT_CONVERSION = YES_AGGRESSIVE;
				CLANG_CXX_LANGUAGE_STANDARD = "gnu++0x";
				CLANG_CXX_LIBRARY = "libc++";
				CLANG_ENABLE_MODULES = YES;
				CLANG_ENABLE_OBJC_ARC = YES;
				CLANG_WARN_BLOCK_CAPTURE_AUTORELEASING = YES;
				CLANG_WARN_BOOL_CONVERSION = YES;
				CLANG_WARN_COMMA = YES;
				CLANG_WARN_CONSTANT_CONVERSION = YES;
				CLANG_WARN_DEPRECATED_OBJC_IMPLEMENTATIONS = YES;
				CLANG_WARN_DIRECT_OBJC_ISA_USAGE = YES_ERROR;
				CLANG_WARN_DOCUMENTATION_COMMENTS = YES;
				CLANG_WARN_EMPTY_BODY = YES;
				CLANG_WARN_ENUM_CONVERSION = YES;
				CLANG_WARN_INFINITE_RECURSION = YES;
				CLANG_WARN_INT_CONVERSION = YES;
				CLANG_WARN_NON_LITERAL_NULL_CONVERSION = YES;
				CLANG_WARN_OBJC_IMPLICIT_RETAIN_SELF = YES;
				CLANG_WARN_OBJC_LITERAL_CONVERSION = YES;
				CLANG_WARN_OBJC_ROOT_CLASS = YES_ERROR;
				CLANG_WARN_RANGE_LOOP_ANALYSIS = YES;
				CLANG_WARN_STRICT_PROTOTYPES = YES;
				CLANG_WARN_SUSPICIOUS_MOVE = YES;
				CLANG_WARN_UNREACHABLE_CODE = YES;
				CLANG_WARN__DUPLICATE_METHOD_MATCH = YES;
				"CODE_SIGN_IDENTITY[sdk=iphoneos*]" = "iPhone Developer";
				COPY_PHASE_STRIP = NO;
				CURRENT_PROJECT_VERSION = 1;
				DEBUG_INFORMATION_FORMAT = dwarf;
				ENABLE_STRICT_OBJC_MSGSEND = YES;
				ENABLE_TESTABILITY = YES;
				GCC_C_LANGUAGE_STANDARD = gnu99;
				GCC_DYNAMIC_NO_PIC = NO;
				GCC_NO_COMMON_BLOCKS = YES;
				GCC_OPTIMIZATION_LEVEL = 0;
				GCC_PREPROCESSOR_DEFINITIONS = (
					"DEBUG=1",
					"$(inherited)",
				);
				GCC_WARN_64_TO_32_BIT_CONVERSION = YES;
				GCC_WARN_ABOUT_RETURN_TYPE = YES_ERROR;
				GCC_WARN_UNDECLARED_SELECTOR = YES;
				GCC_WARN_UNINITIALIZED_AUTOS = YES_AGGRESSIVE;
				GCC_WARN_UNUSED_FUNCTION = YES;
				GCC_WARN_UNUSED_VARIABLE = YES;
				IPHONEOS_DEPLOYMENT_TARGET = 8.0;
				MTL_ENABLE_DEBUG_INFO = YES;
				ONLY_ACTIVE_ARCH = YES;
				SDKROOT = iphoneos;
				SWIFT_ACTIVE_COMPILATION_CONDITIONS = DEBUG;
				SWIFT_OPTIMIZATION_LEVEL = "-Onone";
				SWIFT_VERSION = 4.2;
				TARGETED_DEVICE_FAMILY = "1,2";
				VERSIONING_SYSTEM = "apple-generic";
				VERSION_INFO_PREFIX = "";
			};
			name = Debug;
		};
		DD7681161F6817EA001C18CE /* AppStore */ = {
			isa = XCBuildConfiguration;
			buildSettings = {
				ALWAYS_SEARCH_USER_PATHS = NO;
				CLANG_ANALYZER_LOCALIZABILITY_NONLOCALIZED = YES;
				CLANG_ANALYZER_NONNULL = YES;
				CLANG_ANALYZER_NUMBER_OBJECT_CONVERSION = YES_AGGRESSIVE;
				CLANG_CXX_LANGUAGE_STANDARD = "gnu++0x";
				CLANG_CXX_LIBRARY = "libc++";
				CLANG_ENABLE_MODULES = YES;
				CLANG_ENABLE_OBJC_ARC = YES;
				CLANG_WARN_BLOCK_CAPTURE_AUTORELEASING = YES;
				CLANG_WARN_BOOL_CONVERSION = YES;
				CLANG_WARN_COMMA = YES;
				CLANG_WARN_CONSTANT_CONVERSION = YES;
				CLANG_WARN_DEPRECATED_OBJC_IMPLEMENTATIONS = YES;
				CLANG_WARN_DIRECT_OBJC_ISA_USAGE = YES_ERROR;
				CLANG_WARN_DOCUMENTATION_COMMENTS = YES;
				CLANG_WARN_EMPTY_BODY = YES;
				CLANG_WARN_ENUM_CONVERSION = YES;
				CLANG_WARN_INFINITE_RECURSION = YES;
				CLANG_WARN_INT_CONVERSION = YES;
				CLANG_WARN_NON_LITERAL_NULL_CONVERSION = YES;
				CLANG_WARN_OBJC_IMPLICIT_RETAIN_SELF = YES;
				CLANG_WARN_OBJC_LITERAL_CONVERSION = YES;
				CLANG_WARN_OBJC_ROOT_CLASS = YES_ERROR;
				CLANG_WARN_RANGE_LOOP_ANALYSIS = YES;
				CLANG_WARN_STRICT_PROTOTYPES = YES;
				CLANG_WARN_SUSPICIOUS_MOVE = YES;
				CLANG_WARN_UNREACHABLE_CODE = YES;
				CLANG_WARN__DUPLICATE_METHOD_MATCH = YES;
				"CODE_SIGN_IDENTITY[sdk=iphoneos*]" = "iPhone Developer";
				COPY_PHASE_STRIP = NO;
				CURRENT_PROJECT_VERSION = 1;
				DEBUG_INFORMATION_FORMAT = "dwarf-with-dsym";
				ENABLE_NS_ASSERTIONS = NO;
				ENABLE_STRICT_OBJC_MSGSEND = YES;
				GCC_C_LANGUAGE_STANDARD = gnu99;
				GCC_NO_COMMON_BLOCKS = YES;
				GCC_WARN_64_TO_32_BIT_CONVERSION = YES;
				GCC_WARN_ABOUT_RETURN_TYPE = YES_ERROR;
				GCC_WARN_UNDECLARED_SELECTOR = YES;
				GCC_WARN_UNINITIALIZED_AUTOS = YES_AGGRESSIVE;
				GCC_WARN_UNUSED_FUNCTION = YES;
				GCC_WARN_UNUSED_VARIABLE = YES;
				IPHONEOS_DEPLOYMENT_TARGET = 8.0;
				MTL_ENABLE_DEBUG_INFO = NO;
				SDKROOT = iphoneos;
				SWIFT_COMPILATION_MODE = wholemodule;
				SWIFT_OPTIMIZATION_LEVEL = "-O";
				SWIFT_VERSION = 4.2;
				TARGETED_DEVICE_FAMILY = "1,2";
				VALIDATE_PRODUCT = YES;
				VERSIONING_SYSTEM = "apple-generic";
				VERSION_INFO_PREFIX = "";
			};
			name = AppStore;
		};
		DD7681181F6817EA001C18CE /* Debug */ = {
			isa = XCBuildConfiguration;
			buildSettings = {
				APPLICATION_EXTENSION_API_ONLY = YES;
				BUILD_LIBRARY_FOR_DISTRIBUTION = YES;
				CLANG_ENABLE_MODULES = YES;
				"CODE_SIGN_IDENTITY[sdk=macosx*]" = "-";
				DEFINES_MODULE = YES;
				DEVELOPMENT_TEAM = "";
				DYLIB_COMPATIBILITY_VERSION = 1;
				DYLIB_CURRENT_VERSION = 1;
				DYLIB_INSTALL_NAME_BASE = "@rpath";
				FRAMEWORK_SEARCH_PATHS = (
					"$(inherited)",
					"$(PROJECT_DIR)/Carthage/Build/iOS",
				);
				INFOPLIST_FILE = YooMoneyCoreApi/Info.plist;
				INSTALL_PATH = "$(LOCAL_LIBRARY_DIR)/Frameworks";
				LD_RUNPATH_SEARCH_PATHS = (
					"$(inherited)",
					"@executable_path/Frameworks",
					"@loader_path/Frameworks",
				);
				PRODUCT_BUNDLE_IDENTIFIER = ru.yoo.money.api.core;
				PRODUCT_NAME = "$(TARGET_NAME)";
				SKIP_INSTALL = YES;
				SWIFT_OPTIMIZATION_LEVEL = "-Onone";
				SWIFT_VERSION = 5.0;
			};
			name = Debug;
		};
		DD7681191F6817EA001C18CE /* AppStore */ = {
			isa = XCBuildConfiguration;
			buildSettings = {
				APPLICATION_EXTENSION_API_ONLY = YES;
				BUILD_LIBRARY_FOR_DISTRIBUTION = YES;
				CLANG_ENABLE_MODULES = YES;
				"CODE_SIGN_IDENTITY[sdk=iphoneos*]" = "iPhone Developer";
				DEFINES_MODULE = YES;
				DEVELOPMENT_TEAM = "";
				DYLIB_COMPATIBILITY_VERSION = 1;
				DYLIB_CURRENT_VERSION = 1;
				DYLIB_INSTALL_NAME_BASE = "@rpath";
				FRAMEWORK_SEARCH_PATHS = (
					"$(inherited)",
					"$(PROJECT_DIR)/Carthage/Build/iOS",
				);
				INFOPLIST_FILE = YooMoneyCoreApi/Info.plist;
				INSTALL_PATH = "$(LOCAL_LIBRARY_DIR)/Frameworks";
				LD_RUNPATH_SEARCH_PATHS = (
					"$(inherited)",
					"@executable_path/Frameworks",
					"@loader_path/Frameworks",
				);
				PRODUCT_BUNDLE_IDENTIFIER = ru.yoo.money.api.core;
				PRODUCT_NAME = "$(TARGET_NAME)";
				SKIP_INSTALL = YES;
				SWIFT_VERSION = 5.0;
			};
			name = AppStore;
		};
		E0E34AD624D8414B00FD0E85 /* Debug */ = {
			isa = XCBuildConfiguration;
			buildSettings = {
				APPLICATION_EXTENSION_API_ONLY = YES;
				BUILD_LIBRARY_FOR_DISTRIBUTION = YES;
				CLANG_CXX_LANGUAGE_STANDARD = "gnu++14";
				CLANG_ENABLE_OBJC_WEAK = YES;
				CLANG_WARN_UNGUARDED_AVAILABILITY = YES_AGGRESSIVE;
				CODE_SIGN_STYLE = Automatic;
				DEFINES_MODULE = YES;
				DYLIB_COMPATIBILITY_VERSION = 1;
				DYLIB_CURRENT_VERSION = 1;
				DYLIB_INSTALL_NAME_BASE = "@rpath";
				FRAMEWORK_SEARCH_PATHS = (
					"$(inherited)",
					"$(PROJECT_DIR)/Carthage/Build/watchOS",
				);
				GCC_C_LANGUAGE_STANDARD = gnu11;
				INFOPLIST_FILE = "YooMoneyCoreApi-watchOS/Info.plist";
				INSTALL_PATH = "$(LOCAL_LIBRARY_DIR)/Frameworks";
				LD_RUNPATH_SEARCH_PATHS = (
					"$(inherited)",
					"@executable_path/Frameworks",
					"@loader_path/Frameworks",
				);
				MTL_ENABLE_DEBUG_INFO = INCLUDE_SOURCE;
				MTL_FAST_MATH = YES;
				PRODUCT_BUNDLE_IDENTIFIER = ru.yoo.money.api.core;
				PRODUCT_NAME = YooMoneyCoreApi;
				SDKROOT = watchos;
				SKIP_INSTALL = YES;
				SWIFT_VERSION = 5.0;
				TARGETED_DEVICE_FAMILY = 4;
				WATCHOS_DEPLOYMENT_TARGET = 2.0;
			};
			name = Debug;
		};
		E0E34AD724D8414B00FD0E85 /* AppStore */ = {
			isa = XCBuildConfiguration;
			buildSettings = {
				ALWAYS_SEARCH_USER_PATHS = NO;
				APPLICATION_EXTENSION_API_ONLY = YES;
				BUILD_LIBRARY_FOR_DISTRIBUTION = YES;
				CLANG_ANALYZER_NONNULL = YES;
				CLANG_ANALYZER_NUMBER_OBJECT_CONVERSION = YES_AGGRESSIVE;
				CLANG_CXX_LANGUAGE_STANDARD = "gnu++14";
				CLANG_CXX_LIBRARY = "libc++";
				CLANG_ENABLE_MODULES = YES;
				CLANG_ENABLE_OBJC_ARC = YES;
				CLANG_ENABLE_OBJC_WEAK = YES;
				CLANG_WARN_BLOCK_CAPTURE_AUTORELEASING = YES;
				CLANG_WARN_BOOL_CONVERSION = YES;
				CLANG_WARN_COMMA = YES;
				CLANG_WARN_CONSTANT_CONVERSION = YES;
				CLANG_WARN_DEPRECATED_OBJC_IMPLEMENTATIONS = YES;
				CLANG_WARN_DIRECT_OBJC_ISA_USAGE = YES_ERROR;
				CLANG_WARN_DOCUMENTATION_COMMENTS = YES;
				CLANG_WARN_EMPTY_BODY = YES;
				CLANG_WARN_ENUM_CONVERSION = YES;
				CLANG_WARN_INFINITE_RECURSION = YES;
				CLANG_WARN_INT_CONVERSION = YES;
				CLANG_WARN_NON_LITERAL_NULL_CONVERSION = YES;
				CLANG_WARN_OBJC_IMPLICIT_RETAIN_SELF = YES;
				CLANG_WARN_OBJC_LITERAL_CONVERSION = YES;
				CLANG_WARN_OBJC_ROOT_CLASS = YES_ERROR;
				CLANG_WARN_RANGE_LOOP_ANALYSIS = YES;
				CLANG_WARN_STRICT_PROTOTYPES = YES;
				CLANG_WARN_SUSPICIOUS_MOVE = YES;
				CLANG_WARN_UNGUARDED_AVAILABILITY = YES_AGGRESSIVE;
				CLANG_WARN_UNREACHABLE_CODE = YES;
				CLANG_WARN__DUPLICATE_METHOD_MATCH = YES;
				CODE_SIGN_STYLE = Automatic;
				COPY_PHASE_STRIP = NO;
				CURRENT_PROJECT_VERSION = 1;
				DEBUG_INFORMATION_FORMAT = "dwarf-with-dsym";
				DEFINES_MODULE = YES;
				DYLIB_COMPATIBILITY_VERSION = 1;
				DYLIB_CURRENT_VERSION = 1;
				DYLIB_INSTALL_NAME_BASE = "@rpath";
				ENABLE_NS_ASSERTIONS = NO;
				ENABLE_STRICT_OBJC_MSGSEND = YES;
				FRAMEWORK_SEARCH_PATHS = (
					"$(inherited)",
					"$(PROJECT_DIR)/Carthage/Build/watchOS",
				);
				GCC_C_LANGUAGE_STANDARD = gnu11;
				GCC_NO_COMMON_BLOCKS = YES;
				GCC_WARN_64_TO_32_BIT_CONVERSION = YES;
				GCC_WARN_ABOUT_RETURN_TYPE = YES_ERROR;
				GCC_WARN_UNDECLARED_SELECTOR = YES;
				GCC_WARN_UNINITIALIZED_AUTOS = YES_AGGRESSIVE;
				GCC_WARN_UNUSED_FUNCTION = YES;
				GCC_WARN_UNUSED_VARIABLE = YES;
				INFOPLIST_FILE = "YooMoneyCoreApi-watchOS/Info.plist";
				INSTALL_PATH = "$(LOCAL_LIBRARY_DIR)/Frameworks";
				LD_RUNPATH_SEARCH_PATHS = (
					"$(inherited)",
					"@executable_path/Frameworks",
					"@loader_path/Frameworks",
				);
				MTL_ENABLE_DEBUG_INFO = NO;
				MTL_FAST_MATH = YES;
				PRODUCT_BUNDLE_IDENTIFIER = ru.yoo.money.api.core;
				PRODUCT_NAME = YooMoneyCoreApi;
				SDKROOT = watchos;
				SKIP_INSTALL = YES;
				SWIFT_COMPILATION_MODE = wholemodule;
				SWIFT_OPTIMIZATION_LEVEL = "-O";
				SWIFT_VERSION = 5.0;
				TARGETED_DEVICE_FAMILY = 4;
				VALIDATE_PRODUCT = YES;
				VERSIONING_SYSTEM = "apple-generic";
				VERSION_INFO_PREFIX = "";
				WATCHOS_DEPLOYMENT_TARGET = 2.0;
			};
			name = AppStore;
		};
		E0E34AD824D8414B00FD0E85 /* AdHoc */ = {
			isa = XCBuildConfiguration;
			buildSettings = {
				ALWAYS_SEARCH_USER_PATHS = NO;
				APPLICATION_EXTENSION_API_ONLY = YES;
				BUILD_LIBRARY_FOR_DISTRIBUTION = YES;
				CLANG_ANALYZER_NONNULL = YES;
				CLANG_ANALYZER_NUMBER_OBJECT_CONVERSION = YES_AGGRESSIVE;
				CLANG_CXX_LANGUAGE_STANDARD = "gnu++14";
				CLANG_CXX_LIBRARY = "libc++";
				CLANG_ENABLE_MODULES = YES;
				CLANG_ENABLE_OBJC_ARC = YES;
				CLANG_ENABLE_OBJC_WEAK = YES;
				CLANG_WARN_BLOCK_CAPTURE_AUTORELEASING = YES;
				CLANG_WARN_BOOL_CONVERSION = YES;
				CLANG_WARN_COMMA = YES;
				CLANG_WARN_CONSTANT_CONVERSION = YES;
				CLANG_WARN_DEPRECATED_OBJC_IMPLEMENTATIONS = YES;
				CLANG_WARN_DIRECT_OBJC_ISA_USAGE = YES_ERROR;
				CLANG_WARN_DOCUMENTATION_COMMENTS = YES;
				CLANG_WARN_EMPTY_BODY = YES;
				CLANG_WARN_ENUM_CONVERSION = YES;
				CLANG_WARN_INFINITE_RECURSION = YES;
				CLANG_WARN_INT_CONVERSION = YES;
				CLANG_WARN_NON_LITERAL_NULL_CONVERSION = YES;
				CLANG_WARN_OBJC_IMPLICIT_RETAIN_SELF = YES;
				CLANG_WARN_OBJC_LITERAL_CONVERSION = YES;
				CLANG_WARN_OBJC_ROOT_CLASS = YES_ERROR;
				CLANG_WARN_RANGE_LOOP_ANALYSIS = YES;
				CLANG_WARN_STRICT_PROTOTYPES = YES;
				CLANG_WARN_SUSPICIOUS_MOVE = YES;
				CLANG_WARN_UNGUARDED_AVAILABILITY = YES_AGGRESSIVE;
				CLANG_WARN_UNREACHABLE_CODE = YES;
				CLANG_WARN__DUPLICATE_METHOD_MATCH = YES;
				CODE_SIGN_IDENTITY = "iPhone Distribution";
				CODE_SIGN_STYLE = Automatic;
				COPY_PHASE_STRIP = NO;
				CURRENT_PROJECT_VERSION = 1;
				DEBUG_INFORMATION_FORMAT = "dwarf-with-dsym";
				DEFINES_MODULE = YES;
				DEVELOPMENT_TEAM = 2752592HU5;
				DYLIB_COMPATIBILITY_VERSION = 1;
				DYLIB_CURRENT_VERSION = 1;
				DYLIB_INSTALL_NAME_BASE = "@rpath";
				ENABLE_NS_ASSERTIONS = NO;
				ENABLE_STRICT_OBJC_MSGSEND = YES;
				FRAMEWORK_SEARCH_PATHS = (
					"$(inherited)",
					"$(PROJECT_DIR)/Carthage/Build/watchOS",
				);
				GCC_C_LANGUAGE_STANDARD = gnu11;
				GCC_NO_COMMON_BLOCKS = YES;
				GCC_WARN_64_TO_32_BIT_CONVERSION = YES;
				GCC_WARN_ABOUT_RETURN_TYPE = YES_ERROR;
				GCC_WARN_UNDECLARED_SELECTOR = YES;
				GCC_WARN_UNINITIALIZED_AUTOS = YES_AGGRESSIVE;
				GCC_WARN_UNUSED_FUNCTION = YES;
				GCC_WARN_UNUSED_VARIABLE = YES;
				INFOPLIST_FILE = "YooMoneyCoreApi-watchOS/Info.plist";
				INSTALL_PATH = "$(LOCAL_LIBRARY_DIR)/Frameworks";
				LD_RUNPATH_SEARCH_PATHS = (
					"$(inherited)",
					"@executable_path/Frameworks",
					"@loader_path/Frameworks",
				);
				MTL_ENABLE_DEBUG_INFO = NO;
				MTL_FAST_MATH = YES;
				PRODUCT_BUNDLE_IDENTIFIER = ru.yoo.money.api.core;
				PRODUCT_NAME = YooMoneyCoreApi;
				PROVISIONING_PROFILE = "";
				SDKROOT = watchos;
				SKIP_INSTALL = YES;
				SWIFT_COMPILATION_MODE = wholemodule;
				SWIFT_OPTIMIZATION_LEVEL = "-O";
				SWIFT_VERSION = 5.0;
				TARGETED_DEVICE_FAMILY = 4;
				VALIDATE_PRODUCT = YES;
				VERSIONING_SYSTEM = "apple-generic";
				VERSION_INFO_PREFIX = "";
				WATCHOS_DEPLOYMENT_TARGET = 2.0;
			};
			name = AdHoc;
		};
/* End XCBuildConfiguration section */

/* Begin XCConfigurationList section */
		3001002A1FE2AA1800BB5966 /* Build configuration list for PBXNativeTarget "YooMoneyCoreApiExample" */ = {
			isa = XCConfigurationList;
			buildConfigurations = (
				3001002B1FE2AA1800BB5966 /* Debug */,
				3001002C1FE2AA1800BB5966 /* AppStore */,
				3001002D1FE2AA1800BB5966 /* AdHoc */,
			);
			defaultConfigurationIsVisible = 0;
			defaultConfigurationName = Debug;
		};
		3072C4A91FE316130019D598 /* Build configuration list for PBXNativeTarget "YooMoneyCoreApiTests" */ = {
			isa = XCConfigurationList;
			buildConfigurations = (
				3072C4AA1FE316130019D598 /* Debug */,
				3072C4AB1FE316130019D598 /* AppStore */,
				3072C4AC1FE316130019D598 /* AdHoc */,
			);
			defaultConfigurationIsVisible = 0;
			defaultConfigurationName = Debug;
		};
		DD7680FD1F6817EA001C18CE /* Build configuration list for PBXProject "YooMoneyCoreApi" */ = {
			isa = XCConfigurationList;
			buildConfigurations = (
				DD7681151F6817EA001C18CE /* Debug */,
				DD7681161F6817EA001C18CE /* AppStore */,
				300100141FE2A9AE00BB5966 /* AdHoc */,
			);
			defaultConfigurationIsVisible = 0;
			defaultConfigurationName = Debug;
		};
		DD7681171F6817EA001C18CE /* Build configuration list for PBXNativeTarget "YooMoneyCoreApi" */ = {
			isa = XCConfigurationList;
			buildConfigurations = (
				DD7681181F6817EA001C18CE /* Debug */,
				DD7681191F6817EA001C18CE /* AppStore */,
				300100151FE2A9AE00BB5966 /* AdHoc */,
			);
			defaultConfigurationIsVisible = 0;
			defaultConfigurationName = Debug;
		};
		E0E34AD924D8414B00FD0E85 /* Build configuration list for PBXNativeTarget "YooMoneyCoreApi-watchOS" */ = {
			isa = XCConfigurationList;
			buildConfigurations = (
				E0E34AD624D8414B00FD0E85 /* Debug */,
				E0E34AD724D8414B00FD0E85 /* AppStore */,
				E0E34AD824D8414B00FD0E85 /* AdHoc */,
			);
			defaultConfigurationIsVisible = 0;
			defaultConfigurationName = Debug;
		};
/* End XCConfigurationList section */
	};
	rootObject = DD7680FA1F6817EA001C18CE /* Project object */;
}
